filippo.io/edwards25519 v1.2.0 h1:crnVqOiS4jqYleHd9vaKZ+HKtHfllngJIiOpNpoJsjo=
filippo.io/edwards25519 v1.2.0/go.mod h1:xzAOLCNug/yB62zG1bQ8uziwrIqIuxhctzJT18Q77mc=
github.com/beorn7/perks v1.0.1 h1:VlbKKnNfV8bJzeqoa4cOKqO6bYr3WgKZxO8Z16+hsOM=
github.com/beorn7/perks v1.0.1/go.mod h1:G2ZrVWU2WbWT9wwq4/hrbKbnv/1ERSJQ0ibhJ6rlkpw=
github.com/cespare/xxhash/v2 v2.3.0 h1:UL815xU9SqsFlibzuggzjXhog7bL6oX9BbNZnL2UFvs=
github.com/cespare/xxhash/v2 v2.3.0/go.mod h1:VGX0DQ3Q6kWi7AoAeZDth3/j3BFtOZR5XLFGgcrjCOs=
github.com/creack/pty v1.1.9/go.mod h1:oKZEueFk5CKHvIhNR5MUki03XCEU+Q6VDXinZuGJ33E=
github.com/davecgh/go-spew v1.1.1 h1:vj9j/u1bqnvCEfJOwUhtlOARqs3+rkHYY13jYWTU97c=
github.com/davecgh/go-spew v1.1.1/go.mod h1:J7Y8YcW2NihsgmVo/mv3lAwl/skON4iLHjSsI+c5H38=
github.com/dustin/go-humanize v1.0.1 h1:GzkhY7T5VNhEkwH0PVJgjz+fX1rhBrR7pRT3mDkpeCY=
github.com/dustin/go-humanize v1.0.1/go.mod h1:Mu1zIs6XwVuF/gI1OepvI0qD18qycQx+mFykh5fBlto=
github.com/go-logr/logr v1.4.3 h1:CjnDlHq8ikf6E492q6eKboGOC0T8CDaOvkHCIg8idEI=
github.com/go-logr/logr v1.4.3/go.mod h1:9T104GzyrTigFIr8wt5mBrctHMim0Nb2HLGrmQ40KvY=
github.com/go-logr/stdr v1.2.2 h1:hSWxHoqTgW2S2qGc0LTAI563KZ5YKYRhT3MFKZMbjag=
github.com/go-logr/stdr v1.2.2/go.mod h1:mMo/vtBO5dYbehREoey6XUKy/eSumjCCveDpRre4VKE=
github.com/go-sql-driver/mysql v1.9.3 h1:U/N249h2WzJ3Ukj8SowVFjdtZKfu9vlLZxjPXV1aweo=
github.com/go-sql-driver/mysql v1.9.3/go.mod h1:qn46aNg1333BRMNU69Lq93t8du/dwxI64Gl8i5p1WMU=
github.com/golang/protobuf v1.5.4 h1:i7eJL8qZTpSEXOPTxNKhASYpMn+8e5Q6AdndVa1dWek=
github.com/golang/protobuf v1.5.4/go.mod h1:lnTiLA8Wa4RWRcIUkrtSVa5nRhsEGBg48fD6rSs7xps=
github.com/google/go-cmp v0.7.0 h1:wk8382ETsv4JYUZwIsn6YpYiWiBsYLSJiTsyBybVuN8=
github.com/google/go-cmp v0.7.0/go.mod h1:pXiqmnSA92OHEEa9HXL2W4E7lf9JzCmGVUdgjX3N/iU=
github.com/google/uuid v1.6.0 h1:NIvaJDMOsjHA8n1jAhLSgzrAzy1Hgr+hNrb57e+94F0=
github.com/google/uuid v1.6.0/go.mod h1:TIyPZe4MgqvfeYDBFedMoGGpEw/LqOeaOT+nhxU+yHo=
github.com/grafana/pyroscope-go v1.2.7 h1:VWBBlqxjyR0Cwk2W6UrE8CdcdD80GOFNutj0Kb1T8ac=
github.com/grafana/pyroscope-go v1.2.7/go.mod h1:o/bpSLiJYYP6HQtvcoVKiE9s5RiNgjYTj1DhiddP2Pc=
github.com/grafana/pyroscope-go/godeltaprof v0.1.9 h1:c1Us8i6eSmkW+Ez05d3co8kasnuOY813tbMN8i/a3Og=
github.com/grafana/pyroscope-go/godeltaprof v0.1.9/go.mod h1:2+l7K7twW49Ct4wFluZD3tZ6e0SjanjcUUBPVD/UuGU=
github.com/klauspost/compress v1.18.3 h1:9PJRvfbmTabkOX8moIpXPbMMbYN60bWImDDU7L+/6zw=
github.com/klauspost/compress v1.18.3/go.mod h1:R0h/fSBs8DE4ENlcrlib3PsXS61voFxhIs2DeRhCvJ4=
github.com/kr/pretty v0.3.1 h1:flRD4NNwYAUpkphVc1HcthR4KEIFJ65n8Mw5qdRn3LE=
github.com/kr/pretty v0.3.1/go.mod h1:hoEshYVHaxMs3cyo3Yncou5ZscifuDolrwPKZanG3xk=
github.com/kr/text v0.2.0 h1:5Nx0Ya0ZqY2ygV366QzturHI13Jq95ApcVaJBhpS+AY=
github.com/kr/text v0.2.0/go.mod h1:eLer722TekiGuMkidMxC/pM04lWEeraHUUmBw8l2grE=
github.com/kylelemons/godebug v1.1.0 h1:RPNrshWIDI6G2gRW9EHilWtl7Z6Sb1BR0xunSBf0SNc=
github.com/kylelemons/godebug v1.1.0/go.mod h1:9/0rRGxNHcop5bhtWyNeEfOS8JIWk580+fNqagV/RAw=
github.com/lib/pq v1.11.1 h1:wuChtj2hfsGmmx3nf1m7xC2XpK6OtelS2shMY+bGMtI=
github.com/lib/pq v1.11.1/go.mod h1:/p+8NSbOcwzAEI7wiMXFlgydTwcgTr3OSKMsD2BitpA=
github.com/munnerz/goautoneg v0.0.0-20191010083416-a7dc8b61c822 h1:C3w9PqII01/Oq1c1nUAm88MOHcQC9l5mIlSMApZMrHA=
github.com/munnerz/goautoneg v0.0.0-20191010083416-a7dc8b61c822/go.mod h1:+n7T8mK8HuQTcFwEeznm/DIxMOiR9yIdICNftLE1DvQ=
github.com/pmezard/go-difflib v1.0.0 h1:4DBwDE0NGyQoBHbLQYPwSUPoCMWR5BEzIk/f1lZbAQM=
github.com/pmezard/go-difflib v1.0.0/go.mod h1:iKH77koFhYxTK1pcRnkKkqfTogsbg7gZNVY4sRDYZ/4=
github.com/prometheus/client_golang v1.23.2 h1:Je96obch5RDVy3FDMndoUsjAhG5Edi49h0RJWRi/o0o=
github.com/prometheus/client_golang v1.23.2/go.mod h1:Tb1a6LWHB3/SPIzCoaDXI4I8UHKeFTEQ1YCr+0Gyqmg=
github.com/prometheus/client_model v0.6.2 h1:oBsgwpGs7iVziMvrGhE53c/GrLUsZdHnqNwqPLxwZyk=
github.com/prometheus/client_model v0.6.2/go.mod h1:y3m2F6Gdpfy6Ut/GBsUqTWZqCUvMVzSfMLjcu6wAwpE=
github.com/prometheus/common v0.67.5 h1:pIgK94WWlQt1WLwAC5j2ynLaBRDiinoAb86HZHTUGI4=
github.com/prometheus/common v0.67.5/go.mod h1:SjE/0MzDEEAyrdr5Gqc6G+sXI67maCxzaT3A2+HqjUw=
github.com/prometheus/procfs v0.19.2 h1:zUMhqEW66Ex7OXIiDkll3tl9a1ZdilUOd/F6ZXw4Vws=
github.com/prometheus/procfs v0.19.2/go.mod h1:M0aotyiemPhBCM0z5w87kL22CxfcH05ZpYlu+b4J7mw=
github.com/rogpeppe/go-internal v1.10.0 h1:TMyTOH3F/DB16zRVcYyreMH6GnZZrwQVAoYjRBZyWFQ=
github.com/rogpeppe/go-internal v1.10.0/go.mod h1:UQnix2H7Ngw/k4C5ijL5+65zddjncjaFoBhdsK/akog=
github.com/stretchr/objx v0.5.2 h1:xuMeJ0Sdp5ZMRXx/aWO6RZxdr3beISkG5/G/aIRr3pY=
github.com/stretchr/objx v0.5.2/go.mod h1:FRsXN1f5AsAjCGJKqEizvkpNtU+EGNCLh3NxZ/8L+MA=
github.com/stretchr/testify v1.11.1 h1:7s2iGBzp5EwR7/aIZr8ao5+dra3wiQyKjjFuvgVKu7U=
github.com/stretchr/testify v1.11.1/go.mod h1:wZwfW3scLgRK+23gO65QZefKpKQRnfz6sD981Nm4B6U=
go.opentelemetry.io/auto/sdk v1.2.1 h1:jXsnJ4Lmnqd11kwkBV2LgLoFMZKizbCi5fNZ/ipaZ64=
go.opentelemetry.io/auto/sdk v1.2.1/go.mod h1:KRTj+aOaElaLi+wW1kO/DZRXwkF4C5xPbEe3ZiIhN7Y=
go.opentelemetry.io/otel v1.38.0 h1:RkfdswUDRimDg0m2Az18RKOsnI8UDzppJAtj01/Ymk8=
go.opentelemetry.io/otel v1.38.0/go.mod h1:zcmtmQ1+YmQM9wrNsTGV/q/uyusom3P8RxwExxkZhjM=
go.opentelemetry.io/otel/metric v1.38.0 h1:Kl6lzIYGAh5M159u9NgiRkmoMKjvbsKtYRwgfrA6WpA=
go.opentelemetry.io/otel/metric v1.38.0/go.mod h1:kB5n/QoRM8YwmUahxvI3bO34eVtQf2i4utNVLr9gEmI=
go.opentelemetry.io/otel/sdk v1.38.0 h1:l48sr5YbNf2hpCUj/FoGhW9yDkl+Ma+LrVl8qaM5b+E=
go.opentelemetry.io/otel/sdk v1.38.0/go.mod h1:ghmNdGlVemJI3+ZB5iDEuk4bWA3GkTpW+DOoZMYBVVg=
go.opentelemetry.io/otel/sdk/metric v1.38.0 h1:aSH66iL0aZqo//xXzQLYozmWrXxyFkBJ6qT5wthqPoM=
go.opentelemetry.io/otel/sdk/metric v1.38.0/go.mod h1:dg9PBnW9XdQ1Hd6ZnRz689CbtrUp0wMMs9iPcgT9EZA=
go.opentelemetry.io/otel/trace v1.38.0 h1:Fxk5bKrDZJUH+AMyyIXGcFAPah0oRcT+LuNtJrmcNLE=
go.opentelemetry.io/otel/trace v1.38.0/go.mod h1:j1P9ivuFsTceSWe1oY+EeW3sc+Pp42sO++GHkg4wwhs=
go.uber.org/goleak v1.3.0 h1:2K3zAYmnTNqV73imy9J1T3WC+gmCePx2hEGkimedGto=
go.uber.org/goleak v1.3.0/go.mod h1:CoHD4mav9JJNrW/WLlf7HGZPjdw8EucARQHekz1X6bE=
go.yaml.in/yaml/v2 v2.4.3 h1:6gvOSjQoTB3vt1l+CU+tSyi/HOjfOjRLJ4YwYZGwRO0=
go.yaml.in/yaml/v2 v2.4.3/go.mod h1:zSxWcmIDjOzPXpjlTTbAsKokqkDNAVtZO0WOMiT90s8=
golang.conradwood.net/apis/auth v1.1.4400 h1:CWbFOI9wgYUbrR6aBjpwueZcsJZ5c8qxqHQt4YDNGK0=
golang.conradwood.net/apis/auth v1.1.4400/go.mod h1:EAt9PYGyV0Kl2IuyYaqKT65vNYhv6SLBMIlfEqUMeMY=
golang.conradwood.net/apis/autodeployer v1.1.4400 h1:fBFrr4efIjVxNx078+W5cEAYjsKPVHNw/Rz4oJOzj5c=
golang.conradwood.net/apis/autodeployer v1.1.4400/go.mod h1:Nh3zs3HWAIZsSFa02fpTNnHWnTJ6HOn1wMqOr8mhEQc=
golang.conradwood.net/apis/certmanager v1.1.4400 h1:H97SRar8FEszdip5GA/sT71akD6sf4YY+bZ6UOvkKbI=
golang.conradwood.net/apis/certmanager v1.1.4400/go.mod h1:Wd2xHKD8Q6jZJMTopV6OrSCby0ov+gchu6i+Esibhck=
golang.conradwood.net/apis/common v1.1.4400 h1:dGYGyer+yJVHMRmIPjsIBhO6tvKmxbboIP6+XYRhZmk=
golang.conradwood.net/apis/common v1.1.4400/go.mod h1:HTLQB40K4yFknhXSGVsaoXYAlHLoqek1MWigf5Cd6OU=
golang.conradwood.net/apis/deploymonkey v1.1.4400 h1:EkR1ixRZYHR5LzaeenhuB8jt09zHiFsr2vc5P3KNO2Y=
golang.conradwood.net/apis/deploymonkey v1.1.4400/go.mod h1:1zwOLZXj6HP9pzQfXWeKQmdE7dKeg0UgeVx1njGr0QU=
golang.conradwood.net/apis/errorlogger v1.1.4400 h1:ZPsFGCbtYLKbzeUCVjdpGO20VcFp8kKJjT94AcCHKvY=
golang.conradwood.net/apis/errorlogger v1.1.4400/go.mod h1:KZGn33WmU33sgLU15NmJf0x6rxLa1Zcd27nYCJNo3QI=
golang.conradwood.net/apis/framework v1.1.4400 h1:gvFO4Fb3JznC6EEN6zv/RiDNyUXyPzS4QE+bIQ0YA3k=
golang.conradwood.net/apis/framework v1.1.4400/go.mod h1:AokKCRZRSEoft9X61VVUTF58O7n5Utx1l9FZK3yGh/8=
golang.conradwood.net/apis/getestservice v1.1.4400 h1:Gji/VmAgU2RJqmWjetFxvSPTHoJYct9AV25e+rDzUec=
golang.conradwood.net/apis/getestservice v1.1.4400/go.mod h1:eDf+NGyofOZs1f8oGCgJQbytJtgtbjbBCn5lnNTco/o=
golang.conradwood.net/apis/goeasyops v1.1.4400 h1:wE1bzgJoVOLn7kHKOTeY+ncmgzliBltGzETvprPkCOI=
golang.conradwood.net/apis/goeasyops v1.1.4400/go.mod h1:7XMxfL8m22A5zlxc+dzzdzKG6LNmUXWKVID0r1t2rJ0=
golang.conradwood.net/apis/grafanadata v1.1.4400 h1:Zmgs11KRqI40AGQr8Jdkm9Zz1o67YxqCxBvZck8J3SE=
golang.conradwood.net/apis/grafanadata v1.1.4400/go.mod h1:vPMpIJaxgmVQNzOKt5eDIji/VeUvJ/BHiLCRCkOYCfM=
golang.conradwood.net/apis/h2gproxy v1.1.4400 h1:TN+F8ex1dAG4TjCQysZ5sLRsQgC5od+hVs01+mf4MMA=
golang.conradwood.net/apis/h2gproxy v1.1.4400/go.mod h1:OQDqmrr5FO69108M5xKUHNB9JYvm8aPMNA/t/7Do3Mc=
golang.conradwood.net/apis/objectstore v1.1.4400 h1:m7T6hgGqyrqEsytdMHi3SOQXM4SkEH/Aigmwu5pdj2g=
golang.conradwood.net/apis/objectstore v1.1.4400/go.mod h1:2njISTwGq2kW6ZFSAxrEvDQofmZfWD6hf+IAxhP62EY=
golang.conradwood.net/apis/registry v1.1.4400 h1:i3A02FfwmQtBm+oRa6UrCBNTnp3k0wrY7ZqEJJu0bhs=
golang.conradwood.net/apis/registry v1.1.4400/go.mod h1:VHuFWIWuxW540+mfQlR3wXQg5cxi7zfnDycAPD1wk1Q=
golang.org/x/net v0.49.0 h1:eeHFmOGUTtaaPSGNmjBKpbng9MulQsJURQUAfUwY++o=
golang.org/x/net v0.49.0/go.mod h1:/ysNB2EvaqvesRkuLAyjI1ycPZlQHM3q01F02UY/MV8=
golang.org/x/sys v0.40.0 h1:DBZZqJ2Rkml6QMQsZywtnjnnGvHza6BTfYFWY9kjEWQ=
golang.org/x/sys v0.40.0/go.mod h1:OgkHotnGiDImocRcuBABYBEXf8A9a87e/uXjp9XT3ks=
golang.org/x/text v0.33.0 h1:B3njUFyqtHDUI5jMn1YIr5B0IE2U0qck04r6d4KPAxE=
golang.org/x/text v0.33.0/go.mod h1:LuMebE6+rBincTi9+xWTY8TztLzKHc/9C1uBCG27+q8=
golang.yacloud.eu/apis/autodeployer2 v1.1.4400 h1:bWuSuvndcsRyhEp5uf2us42QcL7Ryk+8j1AIRurMZAk=
golang.yacloud.eu/apis/autodeployer2 v1.1.4400/go.mod h1:N46i7+4tu9xBumkhoJZ9etE/mDNCyEo9jy6+e/6hJR0=
golang.yacloud.eu/apis/autodeployercommon v1.1.4400 h1:5vZeF4xmDYgYymWbz/4j6uF45rzHcHiposcnl2n9lzw=
golang.yacloud.eu/apis/autodeployercommon v1.1.4400/go.mod h1:b/ClAra8h2OXnFg5PC11unuhTCwr/AU35+BOgEK7nQ8=
golang.yacloud.eu/apis/faultindicator v1.1.4400 h1:F8oUwxKH+Jt4N3xzOOwt5ozbBOo88id0Mon8DT0fH6A=
golang.yacloud.eu/apis/faultindicator v1.1.4400/go.mod h1:4PuGmjOlL17nu/RhqucR9RimDmkTMfJGNFymrurhVJ0=
golang.yacloud.eu/apis/fscache v1.1.4400 h1:2P4K5rD1+61w3dyf3klescKr3EUpMvjPq3UDlkn9N0k=
golang.yacloud.eu/apis/fscache v1.1.4400/go.mod h1:H+MKm7NLbr8IImPF1rSbzwDbZiVBNr4Lc0ysEBFsEOk=
golang.yacloud.eu/apis/session v1.1.4400 h1:FV+57EXXgwmG6cxST0x2jeomktcw3YFujNgeA1zNmcw=
golang.yacloud.eu/apis/session v1.1.4400/go.mod h1:fadmbclxg9zR+1e7itKYGs8QNClCOoD9t/wq5yQZh2Q=
golang.yacloud.eu/apis/unixipc v1.1.4400 h1:aW+gJ8Z5hGCJdbUiiCiIrULOXQOVSOm3+YQbPmW1DxM=
golang.yacloud.eu/apis/unixipc v1.1.4400/go.mod h1:FH5Mdr9lhMlMnLrjHqzDrrvWfWpBE0zDVLCqyRUYrW0=
golang.yacloud.eu/apis/urlcacher v1.1.4400 h1:vaTyAasHbmqPpbFR5fkVvOiUUj0prRIY9FmUH821H6E=
golang.yacloud.eu/apis/urlcacher v1.1.4400/go.mod h1:FfihIpsU3zz3w9c02P9tzC++mv8TKm2mqWU5k7XzRWA=
golang.yacloud.eu/unixipc v0.1.31725 h1:u+tUnlgwLVzQ1bFBVM+rqARHAgwH41PrRGIVwKVrMsg=
golang.yacloud.eu/unixipc v0.1.31725/go.mod h1:BboKEBCyQzeXbtXowwSLV9U+wI32wq49ZVs72+uO/ZI=
gonum.org/v1/gonum v0.16.0 h1:5+ul4Swaf3ESvrOnidPp4GZbzf0mxVQpDCYUQE7OJfk=
gonum.org/v1/gonum v0.16.0/go.mod h1:fef3am4MQ93R2HHpKnLk4/Tbh/s0+wqD5nfa6Pnwy4E=
google.golang.org/genproto/googleapis/rpc v0.0.0-20251029180050-ab9386a59fda h1:i/Q+bfisr7gq6feoJnS/DlpdwEL4ihp41fvRiM3Ork0=
google.golang.org/genproto/googleapis/rpc v0.0.0-20251029180050-ab9386a59fda/go.mod h1:7i2o+ce6H/6BluujYR+kqX3GKH+dChPTQU19wjRPiGk=
google.golang.org/grpc v1.78.0 h1:K1XZG/yGDJnzMdd/uZHAkVqJE+xIDOcmdSFZkBUicNc=
google.golang.org/grpc v1.78.0/go.mod h1:I47qjTo4OKbMkjA/aOOwxDIiPSBofUtQUI5EfpWvW7U=
google.golang.org/protobuf v1.36.11 h1:fV6ZwhNocDyBLK0dj+fg8ektcVegBBuEolpbTQyBNVE=
google.golang.org/protobuf v1.36.11/go.mod h1:HTf+CrKn2C3g5S8VImy6tdcUvCska2kB7j23XfzDpco=
gopkg.in/check.v1 v0.0.0-20161208181325-20d25e280405/go.mod h1:Co6ibVJAznAaIkqp8huTwlJQCZ016jof/cbN4VW5Yz0=
gopkg.in/check.v1 v1.0.0-20201130134442-10cb98267c6c h1:Hei/4ADfdWqJk1ZMxUNpqntNwaWcugrBjAiHlqqRiVk=
gopkg.in/check.v1 v1.0.0-20201130134442-10cb98267c6c/go.mod h1:JHkPIbrfpd72SG/EVd6muEfDQjcINNoR0C8j2r3qZ4Q=
gopkg.in/yaml.v2 v2.4.0 h1:D8xgwECY7CYvx+Y2n4sBz93Jn9JRvxdiyyo8CTfuKaY=
gopkg.in/yaml.v2 v2.4.0/go.mod h1:RDklbk79AGWmwhnvt/jBztapEOGDOx6ZbXqjP6csGnQ=
gopkg.in/yaml.v3 v3.0.1 h1:fxVm/GzAzEWqLHuvctI91KS9hhNmmWOoWu0XTYJS7CA=
gopkg.in/yaml.v3 v3.0.1/go.mod h1:K4uyk7z7BCEPqu6E+C64Yfv1cQ7kz7rIZviUmN+EgEM=
