filippo.io/edwards25519 v1.1.0 h1:FNf4tywRC1HmFuKW5xopWpigGjJKiJSV0Cqo0cJWDaA=
filippo.io/edwards25519 v1.1.0/go.mod h1:BxyFTGdWcka3PhytdK4V28tE5sGfRvvvRV7EaN4VDT4=
github.com/beorn7/perks v1.0.1 h1:VlbKKnNfV8bJzeqoa4cOKqO6bYr3WgKZxO8Z16+hsOM=
github.com/beorn7/perks v1.0.1/go.mod h1:G2ZrVWU2WbWT9wwq4/hrbKbnv/1ERSJQ0ibhJ6rlkpw=
github.com/cespare/xxhash/v2 v2.3.0 h1:UL815xU9SqsFlibzuggzjXhog7bL6oX9BbNZnL2UFvs=
github.com/cespare/xxhash/v2 v2.3.0/go.mod h1:VGX0DQ3Q6kWi7AoAeZDth3/j3BFtOZR5XLFGgcrjCOs=
github.com/creack/pty v1.1.9/go.mod h1:oKZEueFk5CKHvIhNR5MUki03XCEU+Q6VDXinZuGJ33E=
github.com/davecgh/go-spew v1.1.1 h1:vj9j/u1bqnvCEfJOwUhtlOARqs3+rkHYY13jYWTU97c=
github.com/davecgh/go-spew v1.1.1/go.mod h1:J7Y8YcW2NihsgmVo/mv3lAwl/skON4iLHjSsI+c5H38=
github.com/dustin/go-humanize v1.0.1 h1:GzkhY7T5VNhEkwH0PVJgjz+fX1rhBrR7pRT3mDkpeCY=
github.com/dustin/go-humanize v1.0.1/go.mod h1:Mu1zIs6XwVuF/gI1OepvI0qD18qycQx+mFykh5fBlto=
github.com/go-logr/logr v1.4.3 h1:CjnDlHq8ikf6E492q6eKboGOC0T8CDaOvkHCIg8idEI=
github.com/go-logr/logr v1.4.3/go.mod h1:9T104GzyrTigFIr8wt5mBrctHMim0Nb2HLGrmQ40KvY=
github.com/go-logr/stdr v1.2.2 h1:hSWxHoqTgW2S2qGc0LTAI563KZ5YKYRhT3MFKZMbjag=
github.com/go-logr/stdr v1.2.2/go.mod h1:mMo/vtBO5dYbehREoey6XUKy/eSumjCCveDpRre4VKE=
github.com/go-sql-driver/mysql v1.9.3 h1:U/N249h2WzJ3Ukj8SowVFjdtZKfu9vlLZxjPXV1aweo=
github.com/go-sql-driver/mysql v1.9.3/go.mod h1:qn46aNg1333BRMNU69Lq93t8du/dwxI64Gl8i5p1WMU=
github.com/golang/protobuf v1.5.4 h1:i7eJL8qZTpSEXOPTxNKhASYpMn+8e5Q6AdndVa1dWek=
github.com/golang/protobuf v1.5.4/go.mod h1:lnTiLA8Wa4RWRcIUkrtSVa5nRhsEGBg48fD6rSs7xps=
github.com/google/go-cmp v0.7.0 h1:wk8382ETsv4JYUZwIsn6YpYiWiBsYLSJiTsyBybVuN8=
github.com/google/go-cmp v0.7.0/go.mod h1:pXiqmnSA92OHEEa9HXL2W4E7lf9JzCmGVUdgjX3N/iU=
github.com/google/uuid v1.6.0 h1:NIvaJDMOsjHA8n1jAhLSgzrAzy1Hgr+hNrb57e+94F0=
github.com/google/uuid v1.6.0/go.mod h1:TIyPZe4MgqvfeYDBFedMoGGpEw/LqOeaOT+nhxU+yHo=
github.com/grafana/pyroscope-go v1.2.4 h1:B22GMXz+O0nWLatxLuaP7o7L9dvP0clLvIpmeEQQM0Q=
github.com/grafana/pyroscope-go v1.2.4/go.mod h1:zzT9QXQAp2Iz2ZdS216UiV8y9uXJYQiGE1q8v1FyhqU=
github.com/grafana/pyroscope-go v1.2.7 h1:VWBBlqxjyR0Cwk2W6UrE8CdcdD80GOFNutj0Kb1T8ac=
github.com/grafana/pyroscope-go v1.2.7/go.mod h1:o/bpSLiJYYP6HQtvcoVKiE9s5RiNgjYTj1DhiddP2Pc=
github.com/grafana/pyroscope-go/godeltaprof v0.1.8 h1:iwOtYXeeVSAeYefJNaxDytgjKtUuKQbJqgAIjlnicKg=
github.com/grafana/pyroscope-go/godeltaprof v0.1.8/go.mod h1:2+l7K7twW49Ct4wFluZD3tZ6e0SjanjcUUBPVD/UuGU=
github.com/grafana/pyroscope-go/godeltaprof v0.1.9 h1:c1Us8i6eSmkW+Ez05d3co8kasnuOY813tbMN8i/a3Og=
github.com/grafana/pyroscope-go/godeltaprof v0.1.9/go.mod h1:2+l7K7twW49Ct4wFluZD3tZ6e0SjanjcUUBPVD/UuGU=
github.com/klauspost/compress v1.18.0 h1:c/Cqfb0r+Yi+JtIEq73FWXVkRonBlf0CRNYc8Zttxdo=
github.com/klauspost/compress v1.18.0/go.mod h1:2Pp+KzxcywXVXMr50+X0Q/Lsb43OQHYWRCY2AiWywWQ=
github.com/kr/pretty v0.3.1 h1:flRD4NNwYAUpkphVc1HcthR4KEIFJ65n8Mw5qdRn3LE=
github.com/kr/pretty v0.3.1/go.mod h1:hoEshYVHaxMs3cyo3Yncou5ZscifuDolrwPKZanG3xk=
github.com/kr/text v0.2.0 h1:5Nx0Ya0ZqY2ygV366QzturHI13Jq95ApcVaJBhpS+AY=
github.com/kr/text v0.2.0/go.mod h1:eLer722TekiGuMkidMxC/pM04lWEeraHUUmBw8l2grE=
github.com/kylelemons/godebug v1.1.0 h1:RPNrshWIDI6G2gRW9EHilWtl7Z6Sb1BR0xunSBf0SNc=
github.com/kylelemons/godebug v1.1.0/go.mod h1:9/0rRGxNHcop5bhtWyNeEfOS8JIWk580+fNqagV/RAw=
github.com/lib/pq v1.10.9 h1:YXG7RB+JIjhP29X+OtkiDnYaXQwpS4JEWq7dtCCRUEw=
github.com/lib/pq v1.10.9/go.mod h1:AlVN5x4E4T544tWzH6hKfbfQvm3HdbOxrmggDNAPY9o=
github.com/munnerz/goautoneg v0.0.0-20191010083416-a7dc8b61c822 h1:C3w9PqII01/Oq1c1nUAm88MOHcQC9l5mIlSMApZMrHA=
github.com/munnerz/goautoneg v0.0.0-20191010083416-a7dc8b61c822/go.mod h1:+n7T8mK8HuQTcFwEeznm/DIxMOiR9yIdICNftLE1DvQ=
github.com/pmezard/go-difflib v1.0.0 h1:4DBwDE0NGyQoBHbLQYPwSUPoCMWR5BEzIk/f1lZbAQM=
github.com/pmezard/go-difflib v1.0.0/go.mod h1:iKH77koFhYxTK1pcRnkKkqfTogsbg7gZNVY4sRDYZ/4=
github.com/prometheus/client_golang v1.23.0 h1:ust4zpdl9r4trLY/gSjlm07PuiBq2ynaXXlptpfy8Uc=
github.com/prometheus/client_golang v1.23.0/go.mod h1:i/o0R9ByOnHX0McrTMTyhYvKE4haaf2mW08I+jGAjEE=
github.com/prometheus/client_golang v1.23.2 h1:Je96obch5RDVy3FDMndoUsjAhG5Edi49h0RJWRi/o0o=
github.com/prometheus/client_golang v1.23.2/go.mod h1:Tb1a6LWHB3/SPIzCoaDXI4I8UHKeFTEQ1YCr+0Gyqmg=
github.com/prometheus/client_model v0.6.2 h1:oBsgwpGs7iVziMvrGhE53c/GrLUsZdHnqNwqPLxwZyk=
github.com/prometheus/client_model v0.6.2/go.mod h1:y3m2F6Gdpfy6Ut/GBsUqTWZqCUvMVzSfMLjcu6wAwpE=
github.com/prometheus/common v0.65.0 h1:QDwzd+G1twt//Kwj/Ww6E9FQq1iVMmODnILtW1t2VzE=
github.com/prometheus/common v0.65.0/go.mod h1:0gZns+BLRQ3V6NdaerOhMbwwRbNh9hkGINtQAsP5GS8=
github.com/prometheus/common v0.67.2 h1:PcBAckGFTIHt2+L3I33uNRTlKTplNzFctXcWhPyAEN8=
github.com/prometheus/common v0.67.2/go.mod h1:63W3KZb1JOKgcjlIr64WW/LvFGAqKPj0atm+knVGEko=
github.com/prometheus/common v0.67.4 h1:yR3NqWO1/UyO1w2PhUvXlGQs/PtFmoveVO0KZ4+Lvsc=
github.com/prometheus/common v0.67.4/go.mod h1:gP0fq6YjjNCLssJCQp0yk4M8W6ikLURwkdd/YKtTbyI=
github.com/prometheus/procfs v0.17.0 h1:FuLQ+05u4ZI+SS/w9+BWEM2TXiHKsUQ9TADiRH7DuK0=
github.com/prometheus/procfs v0.17.0/go.mod h1:oPQLaDAMRbA+u8H5Pbfq+dl3VDAvHxMUOVhe0wYB2zw=
github.com/prometheus/procfs v0.19.2 h1:zUMhqEW66Ex7OXIiDkll3tl9a1ZdilUOd/F6ZXw4Vws=
github.com/prometheus/procfs v0.19.2/go.mod h1:M0aotyiemPhBCM0z5w87kL22CxfcH05ZpYlu+b4J7mw=
github.com/rogpeppe/go-internal v1.10.0 h1:TMyTOH3F/DB16zRVcYyreMH6GnZZrwQVAoYjRBZyWFQ=
github.com/rogpeppe/go-internal v1.10.0/go.mod h1:UQnix2H7Ngw/k4C5ijL5+65zddjncjaFoBhdsK/akog=
github.com/stretchr/objx v0.5.2 h1:xuMeJ0Sdp5ZMRXx/aWO6RZxdr3beISkG5/G/aIRr3pY=
github.com/stretchr/objx v0.5.2/go.mod h1:FRsXN1f5AsAjCGJKqEizvkpNtU+EGNCLh3NxZ/8L+MA=
github.com/stretchr/testify v1.10.0 h1:Xv5erBjTwe/5IxqUQTdXv5kgmIvbHo3QQyRwhJsOfJA=
github.com/stretchr/testify v1.10.0/go.mod h1:r2ic/lqez/lEtzL7wO/rwa5dbSLXVDPFyf8C91i36aY=
github.com/stretchr/testify v1.11.1 h1:7s2iGBzp5EwR7/aIZr8ao5+dra3wiQyKjjFuvgVKu7U=
go.opentelemetry.io/auto/sdk v1.1.0 h1:cH53jehLUN6UFLY71z+NDOiNJqDdPRaXzTel0sJySYA=
go.opentelemetry.io/auto/sdk v1.1.0/go.mod h1:3wSPjt5PWp2RhlCcmmOial7AvC4DQqZb7a7wCow3W8A=
go.opentelemetry.io/otel v1.36.0 h1:UumtzIklRBY6cI/lllNZlALOF5nNIzJVb16APdvgTXg=
go.opentelemetry.io/otel v1.36.0/go.mod h1:/TcFMXYjyRNh8khOAO9ybYkqaDBb/70aVwkNML4pP8E=
go.opentelemetry.io/otel v1.37.0 h1:9zhNfelUvx0KBfu/gb+ZgeAfAgtWrfHJZcAqFC228wQ=
go.opentelemetry.io/otel/metric v1.36.0 h1:MoWPKVhQvJ+eeXWHFBOPoBOi20jh6Iq2CcCREuTYufE=
go.opentelemetry.io/otel/metric v1.36.0/go.mod h1:zC7Ks+yeyJt4xig9DEw9kuUFe5C3zLbVjV2PzT6qzbs=
go.opentelemetry.io/otel/metric v1.37.0 h1:mvwbQS5m0tbmqML4NqK+e3aDiO02vsf/WgbsdpcPoZE=
go.opentelemetry.io/otel/sdk v1.36.0 h1:b6SYIuLRs88ztox4EyrvRti80uXIFy+Sqzoh9kFULbs=
go.opentelemetry.io/otel/sdk v1.36.0/go.mod h1:+lC+mTgD+MUWfjJubi2vvXWcVxyr9rmlshZni72pXeY=
go.opentelemetry.io/otel/sdk v1.37.0 h1:ItB0QUqnjesGRvNcmAcU0LyvkVyGJ2xftD29bWdDvKI=
go.opentelemetry.io/otel/sdk/metric v1.36.0 h1:r0ntwwGosWGaa0CrSt8cuNuTcccMXERFwHX4dThiPis=
go.opentelemetry.io/otel/sdk/metric v1.36.0/go.mod h1:qTNOhFDfKRwX0yXOqJYegL5WRaW376QbB7P4Pb0qva4=
go.opentelemetry.io/otel/sdk/metric v1.37.0 h1:90lI228XrB9jCMuSdA0673aubgRobVZFhbjxHHspCPc=
go.opentelemetry.io/otel/trace v1.36.0 h1:ahxWNuqZjpdiFAyrIoQ4GIiAIhxAunQR6MUoKrsNd4w=
go.opentelemetry.io/otel/trace v1.36.0/go.mod h1:gQ+OnDZzrybY4k4seLzPAWNwVBBVlF2szhehOBB/tGA=
go.opentelemetry.io/otel/trace v1.37.0 h1:HLdcFNbRQBE2imdSEgm/kwqmQj1Or1l/7bW6mxVK7z4=
go.uber.org/goleak v1.3.0 h1:2K3zAYmnTNqV73imy9J1T3WC+gmCePx2hEGkimedGto=
go.uber.org/goleak v1.3.0/go.mod h1:CoHD4mav9JJNrW/WLlf7HGZPjdw8EucARQHekz1X6bE=
go.yaml.in/yaml/v2 v2.4.3 h1:6gvOSjQoTB3vt1l+CU+tSyi/HOjfOjRLJ4YwYZGwRO0=
go.yaml.in/yaml/v2 v2.4.3/go.mod h1:zSxWcmIDjOzPXpjlTTbAsKokqkDNAVtZO0WOMiT90s8=
golang.conradwood.net/apis/auth v1.1.4021 h1:dScAb8U/5+lu9z9qPxJbZLeVWbEJhux+OtULLfVMtVA=
golang.conradwood.net/apis/auth v1.1.4021/go.mod h1:1v+lTIGU5tt3ena5UyytkCAUME9JaZwwrNZioxL0hss=
golang.conradwood.net/apis/auth v1.1.4186 h1:GZOBLqNZBfuMxJBhXhPiw+n4l/gKzsAZFxqxgFZ68LM=
golang.conradwood.net/apis/auth v1.1.4186/go.mod h1:GTksP1w33Owu2HIdxybXM57BdzEOiq5irr8k9flmoeM=
golang.conradwood.net/apis/auth v1.1.4251 h1:CaEvDWerCOOzvPqSvRMeAHYDKDQC+w4wbCz75iDoGEw=
golang.conradwood.net/apis/auth v1.1.4251/go.mod h1:ZJxt2xZLt5kcBBzep+9UsURLYOIgOG1y0MpbryBCFoE=
golang.conradwood.net/apis/autodeployer v1.1.4021 h1:8/ubL7/lpkyHK13uCaRumBCnN1I9k0gup52c3yuIFjc=
golang.conradwood.net/apis/autodeployer v1.1.4021/go.mod h1:HRfesbY+3wD3X97GoqmR2EWo5I1WWsKp85x24n261Ps=
golang.conradwood.net/apis/autodeployer v1.1.4186 h1:eros1gHRScUxFpf5ihthwK/fMkkngV4vHlAVVWbuQRI=
golang.conradwood.net/apis/autodeployer v1.1.4186/go.mod h1:0jAggIYIU9IpUFM9Jxxn2wDasdpyC3opErc6qFvS4bI=
golang.conradwood.net/apis/autodeployer v1.1.4251 h1:KxSuyb9ElE+CN4EDBbbQp0brLF2FZY1HREb1PELdE3s=
golang.conradwood.net/apis/autodeployer v1.1.4251/go.mod h1:e9shJZzpGtRf0RpiqjKaXlfe2Og76A6Qp2qeDN/wZR0=
golang.conradwood.net/apis/certmanager v1.1.4021 h1:dAOmgNNlTu3VOVAkWFkCcl5bnz9XflrZFyycO9vc/8I=
golang.conradwood.net/apis/certmanager v1.1.4021/go.mod h1:PpdDjIY//3V84j/qRDPwsT1IT1YUqiDUKneROsZ0bk0=
golang.conradwood.net/apis/certmanager v1.1.4186 h1:Sd6r21Kgr32i7eA4ESb2Ojh/90A2T/QSeJi2JJzyxqU=
golang.conradwood.net/apis/certmanager v1.1.4186/go.mod h1:iP2UAR7LDbpmdTTre3XpjPbVwQOCmaYf7ee5cpWrkPM=
golang.conradwood.net/apis/common v1.1.4021 h1:xyJafgraSz0M/fxYxjqhDKeZQnMHvC2/7ifH4EKgykc=
golang.conradwood.net/apis/common v1.1.4021/go.mod h1:GqcJcY6C4ai7d0oim9pVKc8eKjV+1Pr2NFpe5DGVjd8=
golang.conradwood.net/apis/common v1.1.4186 h1:Bg+h/fbo0hfsIboy9Dz8udPBt1uiGPgIVRsBly/rrbY=
golang.conradwood.net/apis/common v1.1.4186/go.mod h1:swcdsKoHvAbReumFoFJ6B/PepR926hxk2FLgbxuUq7w=
golang.conradwood.net/apis/common v1.1.4251 h1:Xx0zkTP55bhLZ+1lmvLAG9t5zXv9sr8/527VmpZN1E0=
golang.conradwood.net/apis/common v1.1.4251/go.mod h1:3iJOTPTQonIAmBO83m8NTlEclDdVAj0jb53MDZBwYR0=
golang.conradwood.net/apis/deploymonkey v1.1.4021 h1:aA27B7dKEF3yWyy7EQs53487aTgaaRo5F1PaAKAXDcw=
golang.conradwood.net/apis/deploymonkey v1.1.4021/go.mod h1:pFLC/rgPOGmkxDdmuH9fNn39qMFK01NOTyn6ZerPDTA=
golang.conradwood.net/apis/deploymonkey v1.1.4186 h1:sTnVHMmiWzM48V6d8vXiLotmMRvu0i1RDVloSRwiAMM=
golang.conradwood.net/apis/deploymonkey v1.1.4186/go.mod h1:+UDVEtm/D0YGG4OuV2/MW0F3NfOQpzNclfI4ZRRr8v0=
golang.conradwood.net/apis/deploymonkey v1.1.4251 h1:t753B6X8bDrGq/12CcgblVjSgHc+45dnYgVrqSOca2A=
golang.conradwood.net/apis/deploymonkey v1.1.4251/go.mod h1:mCT19BtWKxYa0MDrkvC9Kw0OmQOdKBSMmZjUmWHwCQ8=
golang.conradwood.net/apis/errorlogger v1.1.4021 h1:hAMuOfG2ecPa5B+T3+AvqidGSq/veD3o/aSUfQlPpZ4=
golang.conradwood.net/apis/errorlogger v1.1.4021/go.mod h1:CsO22qRFF5kOJVKSIJaNJzRqvlEuV09KHMwCDEqTDMo=
golang.conradwood.net/apis/errorlogger v1.1.4186 h1:DXgmCxADlrYDkFB6W3qIS6gOMVnB5FUcPc2cZybc2Z4=
golang.conradwood.net/apis/errorlogger v1.1.4186/go.mod h1:/mPMGcv7d+9k0tS97a/6B3YKif5J0zSQsWeQimzLq5U=
golang.conradwood.net/apis/framework v1.1.4021 h1:8V2NTwrl26ThMsOSElZWaZmYTxuE9+jWLk1TDSpSWIM=
golang.conradwood.net/apis/framework v1.1.4021/go.mod h1:bANvP49CDiwQ3NLG7mha8z+lvRRYYnVF/MR/qKNV0dM=
golang.conradwood.net/apis/framework v1.1.4186 h1:tTxY0mpgEBd2FXqQ52EJQHiAYPeY8YfAAcXntAM4gac=
golang.conradwood.net/apis/framework v1.1.4186/go.mod h1:37Eja0qrqtcv4zNfULKaXnklWaytTBYDYSQNRfKecfo=
golang.conradwood.net/apis/framework v1.1.4251 h1:yd/dzSoWgz+dgWevH9oe6VfsATRXVeuPf628OUXAgWA=
golang.conradwood.net/apis/framework v1.1.4251/go.mod h1:OxzLRcXVj8K8yO0hGEi8YyUsIb8RD59l79dgKdvehuI=
golang.conradwood.net/apis/getestservice v1.1.4021 h1:Q0yoW5VcYR/VqnqsIaDgAr6qc32r5FgC0QAN4XaHZyo=
golang.conradwood.net/apis/getestservice v1.1.4021/go.mod h1:Z9zr9mEdCcFwjCO+pF0WNFmKR38ov+jKVoM0Shboqr8=
golang.conradwood.net/apis/getestservice v1.1.4186 h1:GqeTGYO9HNNhUk2B0iek0NrbkKsupLdn4CnXb3SgW9c=
golang.conradwood.net/apis/getestservice v1.1.4186/go.mod h1:QRqDcOUgpnz0QlE1qSi4eKJiJwtSIGXKzE4NsQhvqMs=
golang.conradwood.net/apis/goeasyops v1.1.4021 h1:CsCvVNhx3Z8DqxM/bZS6RDjmcLKfdsGVF+7WlsxqWws=
golang.conradwood.net/apis/goeasyops v1.1.4021/go.mod h1:qzqP8n6hwNPxIxWhZONbw+oROBeiy2BnblRFxKAcupQ=
golang.conradwood.net/apis/goeasyops v1.1.4186 h1:eG1+xj9+KaFC0ZkuZHQkK9hSIXJSumBeTraz9Zep7uo=
golang.conradwood.net/apis/goeasyops v1.1.4186/go.mod h1:94ZB9PozQYhzzofhzDGuiYeodg7YFky/ur2ah2eT1SQ=
golang.conradwood.net/apis/goeasyops v1.1.4251 h1:PxH2+XdEQQ90rzd0RBi218sDQGnQMOU7Kgj5negDNCk=
golang.conradwood.net/apis/goeasyops v1.1.4251/go.mod h1:Y0dPXCS0fdSpazr+ALwjGJhvhTdL+QkT3gcACiSVuvU=
golang.conradwood.net/apis/grafanadata v1.1.4021 h1:DVVgYwreXAn+yaUzZSH9blrBTlbpAYkZFUf7bw3b2y0=
golang.conradwood.net/apis/grafanadata v1.1.4021/go.mod h1:2+FFM5eWj48eeCcWlor+rVTqiwuPwsBEKulYHdyJ/M0=
golang.conradwood.net/apis/grafanadata v1.1.4186 h1:uQWsQEcOs4NKVhG9toO+Shs8O+lXeIU1wkP/YOryEEE=
golang.conradwood.net/apis/grafanadata v1.1.4186/go.mod h1:Q1HQjVy0laMJ8jKKoaXHEiFv0eNNQPG0WCOaE9/Kp/k=
golang.conradwood.net/apis/grafanadata v1.1.4251 h1:hyxitIinMTH2WTP/pij7vCPbPcaYKPTiLNFIbdFduyk=
golang.conradwood.net/apis/grafanadata v1.1.4251/go.mod h1:vu5vJ9UVOfKpigCLHJUNf1COuHoplRkM8Ca7WBLf8Rs=
golang.conradwood.net/apis/h2gproxy v1.1.4021 h1:AgW9ytvVYqmdBlFJ4/BHdpyNggQYO8EnJpVRb7W7gV0=
golang.conradwood.net/apis/h2gproxy v1.1.4021/go.mod h1:F9/hUOug4hzbtP/0ze/h+FoOIJiBK1R4aSzpRn8nn3o=
golang.conradwood.net/apis/h2gproxy v1.1.4186 h1:oViTHrrbPQ/hUz4ERGZhF8yiAWxnDrPhOy/qILnWTR0=
golang.conradwood.net/apis/h2gproxy v1.1.4186/go.mod h1:FYqmTnFpVW+FM5eiWDH3U055w04bmDHxOXotCbDec4c=
golang.conradwood.net/apis/objectstore v1.1.4021 h1:SW4ZRsdGIz9GynPbiLilgnBSLnilDINw9ZJc/CAU+G4=
golang.conradwood.net/apis/objectstore v1.1.4021/go.mod h1:9WgUakT4O+ryds6+Hfwx+VtpGTUPaQysjmuTooO02/c=
golang.conradwood.net/apis/objectstore v1.1.4186 h1:qx/c0XAvIj0WrR4hez6Z7OHccGBz6aFeQSquC57LDNA=
golang.conradwood.net/apis/objectstore v1.1.4186/go.mod h1:jUJ+BxFiYyFJmz80I4AgHjhM8JJjLk1kcIDXYOymdnk=
golang.conradwood.net/apis/registry v1.1.4021 h1:EarvxOAe0vB6KPK/8nmAXobh76fLr09LtaX48Co+vTg=
golang.conradwood.net/apis/registry v1.1.4021/go.mod h1:lFm1cpTbWW1FYPDk/+Ga+Ki01VhQqJpEUVHnjKQ/yp0=
golang.conradwood.net/apis/registry v1.1.4186 h1:YW3G1LYxNiWz6GWWW+cX8ltx5cvEJdyGOt0GSYuVpTU=
golang.conradwood.net/apis/registry v1.1.4186/go.mod h1:dJBwE2Zd7DHfJp93Ujz7ElVdI0m3xEWpAMLfW/V7Ys0=
golang.org/x/net v0.42.0 h1:jzkYrhi3YQWD6MLBJcsklgQsoAcw89EcZbJw8Z614hs=
golang.org/x/net v0.42.0/go.mod h1:FF1RA5d3u7nAYA4z2TkclSCKh68eSXtiFwcWQpPXdt8=
golang.org/x/net v0.46.0 h1:giFlY12I07fugqwPuWJi68oOnpfqFnJIJzaIIm2JVV4=
golang.org/x/net v0.46.0/go.mod h1:Q9BGdFy1y4nkUwiLvT5qtyhAnEHgnQ/zd8PfU6nc210=
golang.org/x/net v0.47.0 h1:Mx+4dIFzqraBXUugkia1OOvlD6LemFo1ALMHjrXDOhY=
golang.org/x/net v0.47.0/go.mod h1:/jNxtkgq5yWUGYkaZGqo27cfGZ1c5Nen03aYrrKpVRU=
golang.org/x/sys v0.34.0 h1:H5Y5sJ2L2JRdyv7ROF1he/lPdvFsd0mJHFw2ThKHxLA=
golang.org/x/sys v0.34.0/go.mod h1:BJP2sWEmIv4KK5OTEluFJCKSidICx8ciO85XgH3Ak8k=
golang.org/x/sys v0.37.0 h1:fdNQudmxPjkdUTPnLn5mdQv7Zwvbvpaxqs831goi9kQ=
golang.org/x/sys v0.37.0/go.mod h1:OgkHotnGiDImocRcuBABYBEXf8A9a87e/uXjp9XT3ks=
golang.org/x/sys v0.38.0 h1:3yZWxaJjBmCWXqhN1qh02AkOnCQ1poK6oF+a7xWL6Gc=
golang.org/x/sys v0.38.0/go.mod h1:OgkHotnGiDImocRcuBABYBEXf8A9a87e/uXjp9XT3ks=
golang.org/x/text v0.27.0 h1:4fGWRpyh641NLlecmyl4LOe6yDdfaYNrGb2zdfo4JV4=
golang.org/x/text v0.27.0/go.mod h1:1D28KMCvyooCX9hBiosv5Tz/+YLxj0j7XhWjpSUF7CU=
golang.org/x/text v0.30.0 h1:yznKA/E9zq54KzlzBEAWn1NXSQ8DIp/NYMy88xJjl4k=
golang.org/x/text v0.30.0/go.mod h1:yDdHFIX9t+tORqspjENWgzaCVXgk0yYnYuSZ8UzzBVM=
golang.org/x/text v0.31.0 h1:aC8ghyu4JhP8VojJ2lEHBnochRno1sgL6nEi9WGFGMM=
golang.org/x/text v0.31.0/go.mod h1:tKRAlv61yKIjGGHX/4tP1LTbc13YSec1pxVEWXzfoeM=
golang.yacloud.eu/apis/autodeployer2 v1.1.4021 h1:dtm0kfrESyuUdgxsHGjnp9y/iTrYcbd2ZZpJkG5Hzuk=
golang.yacloud.eu/apis/autodeployer2 v1.1.4021/go.mod h1:XfDGV0xce/yJ1zk9Z6yS32+OvhZDCNIZ6TQETGrQ4Dc=
golang.yacloud.eu/apis/autodeployer2 v1.1.4186 h1:u5Z0PpbEEankntiCJTjnyxMucl+8ISJI+UZcpzhyDro=
golang.yacloud.eu/apis/autodeployer2 v1.1.4186/go.mod h1:ip4c75dDBz6qlu9dn4Fg8qns2miD1fPdVDHvv0SENBw=
golang.yacloud.eu/apis/faultindicator v1.1.4021 h1:TS31Pbv7Caq29fjK6LmK6ZckUY2wrthHtO8oQxMTTWI=
golang.yacloud.eu/apis/faultindicator v1.1.4021/go.mod h1:JD3HeOdTmqh9jbn0Ovfj1Yd3D+JsOMD/LuaRgqBI60w=
golang.yacloud.eu/apis/faultindicator v1.1.4186 h1:Df7hAjRzB9ty2BjVy3VzSq9PM1jDvVhuiegq7t8uGSg=
golang.yacloud.eu/apis/faultindicator v1.1.4186/go.mod h1:DxBAhMPUv0/JHX0gfCMVar+hjlf2BnfCSm8qljwxt5E=
golang.yacloud.eu/apis/faultindicator v1.1.4251 h1:e9GwtUiNSmE8/UgvS6suUSsWgyV/h/If2pw0fhNH/cQ=
golang.yacloud.eu/apis/faultindicator v1.1.4251/go.mod h1:V4Q8Rcv/7hpQF2QqZx+zD9ZmMvJo2XhMi6bHsUpDGMQ=
golang.yacloud.eu/apis/fscache v1.1.4021 h1:SiGw0j+hGYgtz7AB5Yu9liZbFzssNA1zTdN08pPYDf0=
golang.yacloud.eu/apis/fscache v1.1.4021/go.mod h1:x8qWr17dFRVYqj7X7SmXmwO3oj3LX/wupL9Pin1IcfE=
golang.yacloud.eu/apis/fscache v1.1.4186 h1:ZzRYbnDo4tIlkd9Fp2wMZgzEY6BAAGutxgkCzGz2Lps=
golang.yacloud.eu/apis/fscache v1.1.4186/go.mod h1:9Aj0onoa2ZJZGxKyFPPo3bko3q4tJkXszkPAMEprAoA=
golang.yacloud.eu/apis/fscache v1.1.4251 h1:UuXAv9HaAhfSDAH0iUn/FI5xP/GlE0cXOsqmb4mNXig=
golang.yacloud.eu/apis/fscache v1.1.4251/go.mod h1:4Xwizrw84eYZNbgklbWIabpIXkzfdZN++dgrqAzI1ww=
golang.yacloud.eu/apis/session v1.1.4021 h1:8eApRTy+vLe7SXeehRpjgaSGLcnBrH67Fg1vzpayKb8=
golang.yacloud.eu/apis/session v1.1.4021/go.mod h1:0cR11BwIDWq5xBj3+PsnQVLHLnixmyl53tsDS4qChSo=
golang.yacloud.eu/apis/session v1.1.4186 h1:Vjh5nEgMKk8skE95+27YX4yirYEMicRDzkfqcC7FiPo=
golang.yacloud.eu/apis/session v1.1.4186/go.mod h1:YRk/uzM2TDlKdIASnSB/9NxkhLLFmU7Ll3dZgEXs4aM=
golang.yacloud.eu/apis/session v1.1.4251 h1:gSniWkAqoHxRzVSwTZMda/QQKpP9KayqgVDGjFjlUNM=
golang.yacloud.eu/apis/session v1.1.4251/go.mod h1:k7CNplulcjUWPZSc6L+atSlG7LeH/AAZKAyZQhSBr8M=
golang.yacloud.eu/apis/unixipc v1.1.4021 h1:vT+SxvFIbUqtRCpjd1r7mX5UwnvDCu8ylMKgTxmCMFE=
golang.yacloud.eu/apis/unixipc v1.1.4021/go.mod h1:sQs6fxEYg3VF1s8FreEUTat6fBQ13f6xHv8XxexihBA=
golang.yacloud.eu/apis/unixipc v1.1.4186 h1:VS+UPtydQVTOEsea3gcSmBv4Turvq8oPv+34FG7e93w=
golang.yacloud.eu/apis/unixipc v1.1.4186/go.mod h1:5oBdJQXzB0j/+GCoepbkxGrv3LP2lDXzev47vXIjL08=
golang.yacloud.eu/apis/unixipc v1.1.4251 h1:5TR/b80kmfu07/y9D02fKZ7CB4GWMTKC3ANS+f+9lRA=
golang.yacloud.eu/apis/unixipc v1.1.4251/go.mod h1:ISuWQ3rvtB1DJ6/RBWHoCkb4VJTFb3aHEHTaMiRMi4c=
golang.yacloud.eu/apis/urlcacher v1.1.4021 h1:A2Kx4U7akZHzOeRMoqGUcWYSkxZfVHjWRouLiaOnNrQ=
golang.yacloud.eu/apis/urlcacher v1.1.4021/go.mod h1:IrcVjblh25MeoBgcldZPSFM7x06hiKM5TQvZZ4FqOrM=
golang.yacloud.eu/apis/urlcacher v1.1.4186 h1:WC+tzS6g2yYT+EWMqraorrawsKmFGMXmW6wXA4QsE7g=
golang.yacloud.eu/apis/urlcacher v1.1.4186/go.mod h1:PG3Mdh2c0sxd+rzRSID+4pH/DQQc59Tr7Is1HHRZ5XY=
golang.yacloud.eu/unixipc v0.1.31725 h1:u+tUnlgwLVzQ1bFBVM+rqARHAgwH41PrRGIVwKVrMsg=
golang.yacloud.eu/unixipc v0.1.31725/go.mod h1:BboKEBCyQzeXbtXowwSLV9U+wI32wq49ZVs72+uO/ZI=
google.golang.org/genproto/googleapis/rpc v0.0.0-20250528174236-200df99c418a h1:v2PbRU4K3llS09c7zodFpNePeamkAwG3mPrAery9VeE=
google.golang.org/genproto/googleapis/rpc v0.0.0-20250528174236-200df99c418a/go.mod h1:qQ0YXyHHx3XkvlzUtpXDkS29lDSafHMZBAZDc03LQ3A=
google.golang.org/genproto/googleapis/rpc v0.0.0-20250804133106-a7a43d27e69b h1:zPKJod4w6F1+nRGDI9ubnXYhU9NSWoFAijkHkUXeTK8=
google.golang.org/genproto/googleapis/rpc v0.0.0-20250804133106-a7a43d27e69b/go.mod h1:qQ0YXyHHx3XkvlzUtpXDkS29lDSafHMZBAZDc03LQ3A=
google.golang.org/genproto/googleapis/rpc v0.0.0-20251022142026-3a174f9686a8 h1:M1rk8KBnUsBDg1oPGHNCxG4vc1f49epmTO7xscSajMk=
google.golang.org/genproto/googleapis/rpc v0.0.0-20251022142026-3a174f9686a8/go.mod h1:7i2o+ce6H/6BluujYR+kqX3GKH+dChPTQU19wjRPiGk=
google.golang.org/grpc v1.74.2 h1:WoosgB65DlWVC9FqI82dGsZhWFNBSLjQ84bjROOpMu4=
google.golang.org/grpc v1.74.2/go.mod h1:CtQ+BGjaAIXHs/5YS3i473GqwBBa1zGQNevxdeBEXrM=
google.golang.org/grpc v1.76.0 h1:UnVkv1+uMLYXoIz6o7chp59WfQUYA2ex/BXQ9rHZu7A=
google.golang.org/grpc v1.76.0/go.mod h1:Ju12QI8M6iQJtbcsV+awF5a4hfJMLi4X0JLo94ULZ6c=
google.golang.org/grpc v1.77.0 h1:wVVY6/8cGA6vvffn+wWK5ToddbgdU3d8MNENr4evgXM=
google.golang.org/grpc v1.77.0/go.mod h1:z0BY1iVj0q8E1uSQCjL9cppRj+gnZjzDnzV0dHhrNig=
google.golang.org/protobuf v1.36.6 h1:z1NpPI8ku2WgiWnf+t9wTPsn6eP1L7ksHUlkfLvd9xY=
google.golang.org/protobuf v1.36.6/go.mod h1:jduwjTPXsFjZGTmRluh+L6NjiWu7pchiJ2/5YcXBHnY=
google.golang.org/protobuf v1.36.10 h1:AYd7cD/uASjIL6Q9LiTjz8JLcrh/88q5UObnmY3aOOE=
google.golang.org/protobuf v1.36.10/go.mod h1:HTf+CrKn2C3g5S8VImy6tdcUvCska2kB7j23XfzDpco=
gopkg.in/check.v1 v0.0.0-20161208181325-20d25e280405/go.mod h1:Co6ibVJAznAaIkqp8huTwlJQCZ016jof/cbN4VW5Yz0=
gopkg.in/check.v1 v1.0.0-20201130134442-10cb98267c6c h1:Hei/4ADfdWqJk1ZMxUNpqntNwaWcugrBjAiHlqqRiVk=
gopkg.in/check.v1 v1.0.0-20201130134442-10cb98267c6c/go.mod h1:JHkPIbrfpd72SG/EVd6muEfDQjcINNoR0C8j2r3qZ4Q=
gopkg.in/yaml.v2 v2.4.0 h1:D8xgwECY7CYvx+Y2n4sBz93Jn9JRvxdiyyo8CTfuKaY=
gopkg.in/yaml.v2 v2.4.0/go.mod h1:RDklbk79AGWmwhnvt/jBztapEOGDOx6ZbXqjP6csGnQ=
gopkg.in/yaml.v3 v3.0.1 h1:fxVm/GzAzEWqLHuvctI91KS9hhNmmWOoWu0XTYJS7CA=
gopkg.in/yaml.v3 v3.0.1/go.mod h1:K4uyk7z7BCEPqu6E+C64Yfv1cQ7kz7rIZviUmN+EgEM=
