filippo.io/edwards25519 v1.1.0 h1:FNf4tywRC1HmFuKW5xopWpigGjJKiJSV0Cqo0cJWDaA=
filippo.io/edwards25519 v1.1.0/go.mod h1:BxyFTGdWcka3PhytdK4V28tE5sGfRvvvRV7EaN4VDT4=
github.com/beorn7/perks v1.0.1 h1:VlbKKnNfV8bJzeqoa4cOKqO6bYr3WgKZxO8Z16+hsOM=
github.com/beorn7/perks v1.0.1/go.mod h1:G2ZrVWU2WbWT9wwq4/hrbKbnv/1ERSJQ0ibhJ6rlkpw=
github.com/cespare/xxhash/v2 v2.3.0 h1:UL815xU9SqsFlibzuggzjXhog7bL6oX9BbNZnL2UFvs=
github.com/cespare/xxhash/v2 v2.3.0/go.mod h1:VGX0DQ3Q6kWi7AoAeZDth3/j3BFtOZR5XLFGgcrjCOs=
github.com/creack/pty v1.1.9/go.mod h1:oKZEueFk5CKHvIhNR5MUki03XCEU+Q6VDXinZuGJ33E=
github.com/davecgh/go-spew v1.1.1 h1:vj9j/u1bqnvCEfJOwUhtlOARqs3+rkHYY13jYWTU97c=
github.com/davecgh/go-spew v1.1.1/go.mod h1:J7Y8YcW2NihsgmVo/mv3lAwl/skON4iLHjSsI+c5H38=
github.com/dustin/go-humanize v1.0.1 h1:GzkhY7T5VNhEkwH0PVJgjz+fX1rhBrR7pRT3mDkpeCY=
github.com/dustin/go-humanize v1.0.1/go.mod h1:Mu1zIs6XwVuF/gI1OepvI0qD18qycQx+mFykh5fBlto=
github.com/go-logr/logr v1.4.2 h1:6pFjapn8bFcIbiKo3XT4j/BhANplGihG6tvd+8rYgrY=
github.com/go-logr/logr v1.4.2/go.mod h1:9T104GzyrTigFIr8wt5mBrctHMim0Nb2HLGrmQ40KvY=
github.com/go-logr/stdr v1.2.2 h1:hSWxHoqTgW2S2qGc0LTAI563KZ5YKYRhT3MFKZMbjag=
github.com/go-logr/stdr v1.2.2/go.mod h1:mMo/vtBO5dYbehREoey6XUKy/eSumjCCveDpRre4VKE=
github.com/go-sql-driver/mysql v1.8.1 h1:LedoTUt/eveggdHS9qUFC1EFSa8bU2+1pZjSRpvNJ1Y=
github.com/go-sql-driver/mysql v1.8.1/go.mod h1:wEBSXgmK//2ZFJyE+qWnIsVGmvmEKlqwuVSjsCm7DZg=
github.com/golang/protobuf v1.5.4 h1:i7eJL8qZTpSEXOPTxNKhASYpMn+8e5Q6AdndVa1dWek=
github.com/golang/protobuf v1.5.4/go.mod h1:lnTiLA8Wa4RWRcIUkrtSVa5nRhsEGBg48fD6rSs7xps=
github.com/google/go-cmp v0.6.0 h1:ofyhxvXcZhMsU5ulbFiLKl/XBFqE1GSq7atu8tAmTRI=
github.com/google/go-cmp v0.6.0/go.mod h1:17dUlkBOakJ0+DkrSSNjCkIjxS6bF9zb3elmeNGIjoY=
github.com/google/uuid v1.6.0 h1:NIvaJDMOsjHA8n1jAhLSgzrAzy1Hgr+hNrb57e+94F0=
github.com/google/uuid v1.6.0/go.mod h1:TIyPZe4MgqvfeYDBFedMoGGpEw/LqOeaOT+nhxU+yHo=
github.com/grafana/pyroscope-go v1.2.0 h1:aILLKjTj8CS8f/24OPMGPewQSYlhmdQMBmol1d3KGj8=
github.com/grafana/pyroscope-go v1.2.0/go.mod h1:2GHr28Nr05bg2pElS+dDsc98f3JTUh2f6Fz1hWXrqwk=
github.com/grafana/pyroscope-go/godeltaprof v0.1.8 h1:iwOtYXeeVSAeYefJNaxDytgjKtUuKQbJqgAIjlnicKg=
github.com/grafana/pyroscope-go/godeltaprof v0.1.8/go.mod h1:2+l7K7twW49Ct4wFluZD3tZ6e0SjanjcUUBPVD/UuGU=
github.com/klauspost/compress v1.17.11 h1:In6xLpyWOi1+C7tXUUWv2ot1QvBjxevKAaI6IXrJmUc=
github.com/klauspost/compress v1.17.11/go.mod h1:pMDklpSncoRMuLFrf1W9Ss9KT+0rH90U12bZKk7uwG0=
github.com/kr/pretty v0.3.1 h1:flRD4NNwYAUpkphVc1HcthR4KEIFJ65n8Mw5qdRn3LE=
github.com/kr/pretty v0.3.1/go.mod h1:hoEshYVHaxMs3cyo3Yncou5ZscifuDolrwPKZanG3xk=
github.com/kr/text v0.2.0 h1:5Nx0Ya0ZqY2ygV366QzturHI13Jq95ApcVaJBhpS+AY=
github.com/kr/text v0.2.0/go.mod h1:eLer722TekiGuMkidMxC/pM04lWEeraHUUmBw8l2grE=
github.com/kylelemons/godebug v1.1.0 h1:RPNrshWIDI6G2gRW9EHilWtl7Z6Sb1BR0xunSBf0SNc=
github.com/kylelemons/godebug v1.1.0/go.mod h1:9/0rRGxNHcop5bhtWyNeEfOS8JIWk580+fNqagV/RAw=
github.com/lib/pq v1.10.9 h1:YXG7RB+JIjhP29X+OtkiDnYaXQwpS4JEWq7dtCCRUEw=
github.com/lib/pq v1.10.9/go.mod h1:AlVN5x4E4T544tWzH6hKfbfQvm3HdbOxrmggDNAPY9o=
github.com/munnerz/goautoneg v0.0.0-20191010083416-a7dc8b61c822 h1:C3w9PqII01/Oq1c1nUAm88MOHcQC9l5mIlSMApZMrHA=
github.com/munnerz/goautoneg v0.0.0-20191010083416-a7dc8b61c822/go.mod h1:+n7T8mK8HuQTcFwEeznm/DIxMOiR9yIdICNftLE1DvQ=
github.com/pmezard/go-difflib v1.0.0 h1:4DBwDE0NGyQoBHbLQYPwSUPoCMWR5BEzIk/f1lZbAQM=
github.com/pmezard/go-difflib v1.0.0/go.mod h1:iKH77koFhYxTK1pcRnkKkqfTogsbg7gZNVY4sRDYZ/4=
github.com/prometheus/client_golang v1.20.5 h1:cxppBPuYhUnsO6yo/aoRol4L7q7UFfdm+bR9r+8l63Y=
github.com/prometheus/client_golang v1.20.5/go.mod h1:PIEt8X02hGcP8JWbeHyeZ53Y/jReSnHgO035n//V5WE=
github.com/prometheus/client_model v0.6.1 h1:ZKSh/rekM+n3CeS952MLRAdFwIKqeY8b62p8ais2e9E=
github.com/prometheus/client_model v0.6.1/go.mod h1:OrxVMOVHjw3lKMa8+x6HeMGkHMQyHDk9E3jmP2AmGiY=
github.com/prometheus/common v0.61.0 h1:3gv/GThfX0cV2lpO7gkTUwZru38mxevy90Bj8YFSRQQ=
github.com/prometheus/common v0.61.0/go.mod h1:zr29OCN/2BsJRaFwG8QOBr41D6kkchKbpeNH7pAjb/s=
github.com/prometheus/procfs v0.15.1 h1:YagwOFzUgYfKKHX6Dr+sHT7km/hxC76UB0learggepc=
github.com/prometheus/procfs v0.15.1/go.mod h1:fB45yRUv8NstnjriLhBQLuOUt+WW4BsoGhij/e3PBqk=
github.com/rogpeppe/go-internal v1.10.0 h1:TMyTOH3F/DB16zRVcYyreMH6GnZZrwQVAoYjRBZyWFQ=
github.com/rogpeppe/go-internal v1.10.0/go.mod h1:UQnix2H7Ngw/k4C5ijL5+65zddjncjaFoBhdsK/akog=
github.com/stretchr/objx v0.5.2 h1:xuMeJ0Sdp5ZMRXx/aWO6RZxdr3beISkG5/G/aIRr3pY=
github.com/stretchr/objx v0.5.2/go.mod h1:FRsXN1f5AsAjCGJKqEizvkpNtU+EGNCLh3NxZ/8L+MA=
github.com/stretchr/testify v1.10.0 h1:Xv5erBjTwe/5IxqUQTdXv5kgmIvbHo3QQyRwhJsOfJA=
github.com/stretchr/testify v1.10.0/go.mod h1:r2ic/lqez/lEtzL7wO/rwa5dbSLXVDPFyf8C91i36aY=
go.opentelemetry.io/otel v1.31.0 h1:NsJcKPIW0D0H3NgzPDHmo0WW6SptzPdqg/L1zsIm2hY=
go.opentelemetry.io/otel v1.31.0/go.mod h1:O0C14Yl9FgkjqcCZAsE053C13OaddMYr/hz6clDkEJE=
go.opentelemetry.io/otel/metric v1.31.0 h1:FSErL0ATQAmYHUIzSezZibnyVlft1ybhy4ozRPcF2fE=
go.opentelemetry.io/otel/metric v1.31.0/go.mod h1:C3dEloVbLuYoX41KpmAhOqNriGbA+qqH6PQ5E5mUfnY=
go.opentelemetry.io/otel/sdk v1.31.0 h1:xLY3abVHYZ5HSfOg3l2E5LUj2Cwva5Y7yGxnSW9H5Gk=
go.opentelemetry.io/otel/sdk v1.31.0/go.mod h1:TfRbMdhvxIIr/B2N2LQW2S5v9m3gOQ/08KsbbO5BPT0=
go.opentelemetry.io/otel/sdk/metric v1.31.0 h1:i9hxxLJF/9kkvfHppyLL55aW7iIJz4JjxTeYusH7zMc=
go.opentelemetry.io/otel/sdk/metric v1.31.0/go.mod h1:CRInTMVvNhUKgSAMbKyTMxqOBC0zgyxzW55lZzX43Y8=
go.opentelemetry.io/otel/trace v1.31.0 h1:ffjsj1aRouKewfr85U2aGagJ46+MvodynlQ1HYdmJys=
go.opentelemetry.io/otel/trace v1.31.0/go.mod h1:TXZkRk7SM2ZQLtR6eoAWQFIHPvzQ06FJAsO1tJg480A=
golang.conradwood.net/apis/auth v1.1.3625 h1:IlJcPuXdjxAZUzWSjVMmlmm6cP7oOvrL8ycfg2i4bA0=
golang.conradwood.net/apis/auth v1.1.3625/go.mod h1:8Bm9XGE0ziUsiJ6wImMY915zKgS8AjJT1MfMx8Gg0Lc=
golang.conradwood.net/apis/autodeployer v1.1.3625 h1:oPHb9M0LH4ME4s6ZIXjBSiaGi/zAM16bof8grGftepo=
golang.conradwood.net/apis/autodeployer v1.1.3625/go.mod h1:sYXp7XgkNGQ7o0h8QjGinLUGpbKujEGKDeOqVJZ9Lgc=
golang.conradwood.net/apis/certmanager v1.1.3625 h1:5p0Wbxd2SqeLf9Oujsd3o/AGLQRFsC4n6YVtLv4vV1w=
golang.conradwood.net/apis/certmanager v1.1.3625/go.mod h1:quOBscA5hQoqIA9NGzZDd7mOIbx6ybsFLLyKxNcpiJg=
golang.conradwood.net/apis/common v1.1.3625 h1:8U5QgWjxaiNRc8fTN3He3zjTtpMHUUxGWB6Zlzpnkw4=
golang.conradwood.net/apis/common v1.1.3625/go.mod h1:sK1p1m0p5Yf+Zs3zeZFVzleSoXg1FFneIjvMYm7hjio=
golang.conradwood.net/apis/deploymonkey v1.1.3625 h1:qiSPGmvcx+poZG1z0+Ik6KN9aFJBrtAjFHgoB/9fbRY=
golang.conradwood.net/apis/deploymonkey v1.1.3625/go.mod h1:fydetvTrJw+Gta7qPSVjweiFHCgQlcvvNBKzycQzwAc=
golang.conradwood.net/apis/errorlogger v1.1.3625 h1:fUo8bqEzcPSVhV07kf46HlW4jKHJ6m8IgltWrlaJpww=
golang.conradwood.net/apis/errorlogger v1.1.3625/go.mod h1:ZRZ/io4NZNF43lkAOacuHj/nov7m3osMh+keS7BBTWo=
golang.conradwood.net/apis/framework v1.1.3625 h1:yD+BPUEp7zqy8RQJ+R81l9e3FW6wjgOXxe0HaQv/wRI=
golang.conradwood.net/apis/framework v1.1.3625/go.mod h1:Rj40GnXomWyzSVuNWFl/THkfbjcMDcJn11sGhVufo2E=
golang.conradwood.net/apis/getestservice v1.1.3625 h1:BolHszddiBQ2cX53J+YgHhrpRKd2S2tI0+Am1cTGmuA=
golang.conradwood.net/apis/getestservice v1.1.3625/go.mod h1:vfBXluVRuxB/XDYXgQ6stEqO2SCcXe5Hy7/cXI4Bkv0=
golang.conradwood.net/apis/goeasyops v1.1.3625 h1:sryili51Cbl0LKlK7+C8OVzXrki3D45IkRq4yTTHB0g=
golang.conradwood.net/apis/goeasyops v1.1.3625/go.mod h1:jQxTzPQmkiafaMXfY0mn9U3iXjDFNqcogOdSPqHPoyI=
golang.conradwood.net/apis/grafanadata v1.1.3625 h1:UDxEw+VWiP95hbZXk7b3Lx3h+BNbhD5HbFIx0Z3GciA=
golang.conradwood.net/apis/grafanadata v1.1.3625/go.mod h1:pru4j/8hRTOCgqyTY+mWBSparBdq/8eACdbTCc/6BCU=
golang.conradwood.net/apis/h2gproxy v1.1.3625 h1:qgbrSiMWyaysRw/0ih2wCWX692IYf8p+FzxPHTKyXVc=
golang.conradwood.net/apis/h2gproxy v1.1.3625/go.mod h1:awCrU6yPJGfX9+wgrpaVI5MHv67JIoTS1pYTb6Nhc+o=
golang.conradwood.net/apis/objectstore v1.1.3625 h1:sCNC7flYNQf47fHWxFSrTM5YFTn0+BcgOyEbw1/ki2s=
golang.conradwood.net/apis/objectstore v1.1.3625/go.mod h1:b3wWEgFqBUVQa2LF7NChaE0rlNF1Pl/dMZq1TAA/ipo=
golang.conradwood.net/apis/registry v1.1.3625 h1:EAKoVH1ZL2vzepmUXKQzpO7GwFNQE8fiPKfAat3T3F4=
golang.conradwood.net/apis/registry v1.1.3625/go.mod h1:0nBNmwry+LTQdhYiFiA6KNQH4r9XDZEME4zBiAYGzeQ=
golang.org/x/net v0.34.0 h1:Mb7Mrk043xzHgnRM88suvJFwzVrRfHEHJEl5/71CKw0=
golang.org/x/net v0.34.0/go.mod h1:di0qlW3YNM5oh6GqDGQr92MyTozJPmybPK4Ev/Gm31k=
golang.org/x/sys v0.29.0 h1:TPYlXGxvx1MGTn2GiZDhnjPA9wZzZeGKHHmKhHYvgaU=
golang.org/x/sys v0.29.0/go.mod h1:/VUhepiaJMQUp4+oa/7Zr1D23ma6VTLIYjOOTFZPUcA=
golang.org/x/text v0.21.0 h1:zyQAAkrwaneQ066sspRyJaG9VNi/YJ1NfzcGB3hZ/qo=
golang.org/x/text v0.21.0/go.mod h1:4IBbMaMmOPCJ8SecivzSH54+73PCFmPWxNTLm+vZkEQ=
golang.yacloud.eu/apis/autodeployer2 v1.1.3625 h1:YIim2jsS3d3nfGcqIhNiA9fNXvhlOvsK6NXB8m5rWsY=
golang.yacloud.eu/apis/autodeployer2 v1.1.3625/go.mod h1:1KLWObAOHxfoo73/mUvYi641FxZSd9eGV/AK3FMJC6g=
golang.yacloud.eu/apis/faultindicator v1.1.3625 h1:CTYHkzTefkAcgK28dQ67rEIZp71Ej6dwrsDazYT74CA=
golang.yacloud.eu/apis/faultindicator v1.1.3625/go.mod h1:LinR6vf7C9J88gc2X6BBMHyJNS7uXqhQmklMoWQHvW0=
golang.yacloud.eu/apis/fscache v1.1.3625 h1:cD+xLZntxBe+JoPl/oIK71NLlJ2ktTpAT1IOzYO1i8Q=
golang.yacloud.eu/apis/fscache v1.1.3625/go.mod h1:j+9irz+xwwuUQIKZVVwVYMZ1HZQRvuD/bXrCmW4798A=
golang.yacloud.eu/apis/session v1.1.3625 h1:8myO8ObCnPIggBMUgfC8ave6AXpMJls62iEUuIt37ro=
golang.yacloud.eu/apis/session v1.1.3625/go.mod h1:7Qu5MQrDY5WSKGEJeMaWQepSsX/JJ5mxEiCqH8N5N0g=
golang.yacloud.eu/apis/unixipc v1.1.3625 h1:prVot0gL1MouDX8sWCLwUgNaUbsVzmM4u08xxz7dKcw=
golang.yacloud.eu/apis/unixipc v1.1.3625/go.mod h1:3WT5qcADS7Du5ipPdI1ypxb38DYjYo4aHfN1MolEHAw=
golang.yacloud.eu/apis/urlcacher v1.1.3625 h1:NSybW8/kIBGdNjdsulVsJyRaVUc80HTBCnJzqc+VV6Y=
golang.yacloud.eu/apis/urlcacher v1.1.3625/go.mod h1:JAbYUv2c6Z2ac9ICHMskChI5H44aH7JWU12C+vdA8nk=
golang.yacloud.eu/unixipc v0.1.31725 h1:u+tUnlgwLVzQ1bFBVM+rqARHAgwH41PrRGIVwKVrMsg=
golang.yacloud.eu/unixipc v0.1.31725/go.mod h1:BboKEBCyQzeXbtXowwSLV9U+wI32wq49ZVs72+uO/ZI=
google.golang.org/genproto/googleapis/rpc v0.0.0-20241015192408-796eee8c2d53 h1:X58yt85/IXCx0Y3ZwN6sEIKZzQtDEYaBWrDvErdXrRE=
google.golang.org/genproto/googleapis/rpc v0.0.0-20241015192408-796eee8c2d53/go.mod h1:GX3210XPVPUjJbTUbvwI8f2IpZDMZuPJWDzDuebbviI=
google.golang.org/grpc v1.69.2 h1:U3S9QEtbXC0bYNvRtcoklF3xGtLViumSYxWykJS+7AU=
google.golang.org/grpc v1.69.2/go.mod h1:vyjdE6jLBI76dgpDojsFGNaHlxdjXN9ghpnd2o7JGZ4=
google.golang.org/protobuf v1.36.1 h1:yBPeRvTftaleIgM3PZ/WBIZ7XM/eEYAaEyCwvyjq/gk=
google.golang.org/protobuf v1.36.1/go.mod h1:9fA7Ob0pmnwhb644+1+CVWFRbNajQ6iRojtC/QF5bRE=
gopkg.in/check.v1 v0.0.0-20161208181325-20d25e280405/go.mod h1:Co6ibVJAznAaIkqp8huTwlJQCZ016jof/cbN4VW5Yz0=
gopkg.in/check.v1 v1.0.0-20201130134442-10cb98267c6c h1:Hei/4ADfdWqJk1ZMxUNpqntNwaWcugrBjAiHlqqRiVk=
gopkg.in/check.v1 v1.0.0-20201130134442-10cb98267c6c/go.mod h1:JHkPIbrfpd72SG/EVd6muEfDQjcINNoR0C8j2r3qZ4Q=
gopkg.in/yaml.v2 v2.4.0 h1:D8xgwECY7CYvx+Y2n4sBz93Jn9JRvxdiyyo8CTfuKaY=
gopkg.in/yaml.v2 v2.4.0/go.mod h1:RDklbk79AGWmwhnvt/jBztapEOGDOx6ZbXqjP6csGnQ=
gopkg.in/yaml.v3 v3.0.1 h1:fxVm/GzAzEWqLHuvctI91KS9hhNmmWOoWu0XTYJS7CA=
gopkg.in/yaml.v3 v3.0.1/go.mod h1:K4uyk7z7BCEPqu6E+C64Yfv1cQ7kz7rIZviUmN+EgEM=
