github.com/beorn7/perks v1.0.1 h1:VlbKKnNfV8bJzeqoa4cOKqO6bYr3WgKZxO8Z16+hsOM=
github.com/beorn7/perks v1.0.1/go.mod h1:G2ZrVWU2WbWT9wwq4/hrbKbnv/1ERSJQ0ibhJ6rlkpw=
github.com/cespare/xxhash/v2 v2.3.0 h1:UL815xU9SqsFlibzuggzjXhog7bL6oX9BbNZnL2UFvs=
github.com/cespare/xxhash/v2 v2.3.0/go.mod h1:VGX0DQ3Q6kWi7AoAeZDth3/j3BFtOZR5XLFGgcrjCOs=
github.com/davecgh/go-spew v1.1.1 h1:vj9j/u1bqnvCEfJOwUhtlOARqs3+rkHYY13jYWTU97c=
github.com/davecgh/go-spew v1.1.1/go.mod h1:J7Y8YcW2NihsgmVo/mv3lAwl/skON4iLHjSsI+c5H38=
github.com/dustin/go-humanize v1.0.1 h1:GzkhY7T5VNhEkwH0PVJgjz+fX1rhBrR7pRT3mDkpeCY=
github.com/dustin/go-humanize v1.0.1/go.mod h1:Mu1zIs6XwVuF/gI1OepvI0qD18qycQx+mFykh5fBlto=
github.com/golang/protobuf v1.5.4 h1:i7eJL8qZTpSEXOPTxNKhASYpMn+8e5Q6AdndVa1dWek=
github.com/golang/protobuf v1.5.4/go.mod h1:lnTiLA8Wa4RWRcIUkrtSVa5nRhsEGBg48fD6rSs7xps=
github.com/google/go-cmp v0.6.0 h1:ofyhxvXcZhMsU5ulbFiLKl/XBFqE1GSq7atu8tAmTRI=
github.com/google/go-cmp v0.6.0/go.mod h1:17dUlkBOakJ0+DkrSSNjCkIjxS6bF9zb3elmeNGIjoY=
github.com/grafana/pyroscope-go v1.2.0 h1:aILLKjTj8CS8f/24OPMGPewQSYlhmdQMBmol1d3KGj8=
github.com/grafana/pyroscope-go v1.2.0/go.mod h1:2GHr28Nr05bg2pElS+dDsc98f3JTUh2f6Fz1hWXrqwk=
github.com/grafana/pyroscope-go/godeltaprof v0.1.8 h1:iwOtYXeeVSAeYefJNaxDytgjKtUuKQbJqgAIjlnicKg=
github.com/grafana/pyroscope-go/godeltaprof v0.1.8/go.mod h1:2+l7K7twW49Ct4wFluZD3tZ6e0SjanjcUUBPVD/UuGU=
github.com/klauspost/compress v1.17.10 h1:oXAz+Vh0PMUvJczoi+flxpnBEPxoER1IaAnU/NMPtT0=
github.com/klauspost/compress v1.17.10/go.mod h1:pMDklpSncoRMuLFrf1W9Ss9KT+0rH90U12bZKk7uwG0=
github.com/kr/pretty v0.3.1 h1:flRD4NNwYAUpkphVc1HcthR4KEIFJ65n8Mw5qdRn3LE=
github.com/kr/pretty v0.3.1/go.mod h1:hoEshYVHaxMs3cyo3Yncou5ZscifuDolrwPKZanG3xk=
github.com/kr/text v0.2.0 h1:5Nx0Ya0ZqY2ygV366QzturHI13Jq95ApcVaJBhpS+AY=
github.com/kr/text v0.2.0/go.mod h1:eLer722TekiGuMkidMxC/pM04lWEeraHUUmBw8l2grE=
github.com/kylelemons/godebug v1.1.0 h1:RPNrshWIDI6G2gRW9EHilWtl7Z6Sb1BR0xunSBf0SNc=
github.com/kylelemons/godebug v1.1.0/go.mod h1:9/0rRGxNHcop5bhtWyNeEfOS8JIWk580+fNqagV/RAw=
github.com/lib/pq v1.10.9 h1:YXG7RB+JIjhP29X+OtkiDnYaXQwpS4JEWq7dtCCRUEw=
github.com/lib/pq v1.10.9/go.mod h1:AlVN5x4E4T544tWzH6hKfbfQvm3HdbOxrmggDNAPY9o=
github.com/munnerz/goautoneg v0.0.0-20191010083416-a7dc8b61c822 h1:C3w9PqII01/Oq1c1nUAm88MOHcQC9l5mIlSMApZMrHA=
github.com/munnerz/goautoneg v0.0.0-20191010083416-a7dc8b61c822/go.mod h1:+n7T8mK8HuQTcFwEeznm/DIxMOiR9yIdICNftLE1DvQ=
github.com/pmezard/go-difflib v1.0.0 h1:4DBwDE0NGyQoBHbLQYPwSUPoCMWR5BEzIk/f1lZbAQM=
github.com/pmezard/go-difflib v1.0.0/go.mod h1:iKH77koFhYxTK1pcRnkKkqfTogsbg7gZNVY4sRDYZ/4=
github.com/prometheus/client_golang v1.20.3 h1:oPksm4K8B+Vt35tUhw6GbSNSgVlVSBH0qELP/7u83l4=
github.com/prometheus/client_golang v1.20.3/go.mod h1:PIEt8X02hGcP8JWbeHyeZ53Y/jReSnHgO035n//V5WE=
github.com/prometheus/client_model v0.6.1 h1:ZKSh/rekM+n3CeS952MLRAdFwIKqeY8b62p8ais2e9E=
github.com/prometheus/client_model v0.6.1/go.mod h1:OrxVMOVHjw3lKMa8+x6HeMGkHMQyHDk9E3jmP2AmGiY=
github.com/prometheus/common v0.59.1 h1:LXb1quJHWm1P6wq/U824uxYi4Sg0oGvNeUm1z5dJoX0=
github.com/prometheus/common v0.59.1/go.mod h1:GpWM7dewqmVYcd7SmRaiWVe9SSqjf0UrwnYnpEZNuT0=
github.com/prometheus/procfs v0.15.1 h1:YagwOFzUgYfKKHX6Dr+sHT7km/hxC76UB0learggepc=
github.com/prometheus/procfs v0.15.1/go.mod h1:fB45yRUv8NstnjriLhBQLuOUt+WW4BsoGhij/e3PBqk=
github.com/rogpeppe/go-internal v1.10.0 h1:TMyTOH3F/DB16zRVcYyreMH6GnZZrwQVAoYjRBZyWFQ=
github.com/rogpeppe/go-internal v1.10.0/go.mod h1:UQnix2H7Ngw/k4C5ijL5+65zddjncjaFoBhdsK/akog=
github.com/stretchr/objx v0.5.2 h1:xuMeJ0Sdp5ZMRXx/aWO6RZxdr3beISkG5/G/aIRr3pY=
github.com/stretchr/objx v0.5.2/go.mod h1:FRsXN1f5AsAjCGJKqEizvkpNtU+EGNCLh3NxZ/8L+MA=
github.com/stretchr/testify v1.9.0 h1:HtqpIVDClZ4nwg75+f6Lvsy/wHu+3BoSGCbBAcpTsTg=
github.com/stretchr/testify v1.9.0/go.mod h1:r2ic/lqez/lEtzL7wO/rwa5dbSLXVDPFyf8C91i36aY=
golang.conradwood.net/apis/auth v1.1.3220 h1:rMM0vgCp6JEjhNiOJxMekAU2h1D5tNQ2IOw2zJOKgfs=
golang.conradwood.net/apis/auth v1.1.3220/go.mod h1:42VwV707PZdmQmmpCBmosx3JZ6TUvakwUN+jF8M7xPI=
golang.conradwood.net/apis/autodeployer v1.1.3196 h1:ClsaoqZ7tH5d+iBD5F5JTGnYVCIpa/ow2vaj2IhRzFc=
golang.conradwood.net/apis/autodeployer v1.1.3196/go.mod h1:OyLxVjUvKY9WZJrNehJ1peSjtbvCltWSVeDUKwMQhwg=
golang.conradwood.net/apis/certmanager v1.1.3196 h1:PNEKCl7r0WVCQhjdAbJzp3cx8ioj4nWRENTbw7SNtgw=
golang.conradwood.net/apis/certmanager v1.1.3196/go.mod h1:YjYtmYTn472FfZP2z/PEcCdFlyB7yHL89j3NG+d5oIU=
golang.conradwood.net/apis/common v1.1.3220 h1:w/ytdaIn0SOP/QJPv9DcmlqlXRvuW+H+jSlLtLU0krs=
golang.conradwood.net/apis/common v1.1.3220/go.mod h1:kZSSP35nmuzRzoOKPEiAdoAB5/KDY6O7ohamGroN8GM=
golang.conradwood.net/apis/deploymonkey v1.1.3196 h1:Y3P34Vjd2sNA0IbcE/lCjEr1xKnNv3yB9DRYcAhZdaw=
golang.conradwood.net/apis/deploymonkey v1.1.3196/go.mod h1:WAuKNnc1X+IwG0KIlURX/lqogK+2FW8jvOD8OPivK10=
golang.conradwood.net/apis/echoservice v1.1.3196 h1:reqKomK0cbHTKLAyzYdijiqP2wdUUnfpG96eBtkDayQ=
golang.conradwood.net/apis/echoservice v1.1.3196/go.mod h1:ZADZxItlJIEKyGZ+Os/hsxQqrKaerT05uTSsl18yHsY=
golang.conradwood.net/apis/errorlogger v1.1.3196 h1:kfstdHX1FYAKUKkLs0RkgoX2n1f7HBVSgMX+nBZJR6I=
golang.conradwood.net/apis/errorlogger v1.1.3196/go.mod h1:sE9MJCynNPbY5nU/rnsEPBhSA/vlTlM1OKt0pqAHJiQ=
golang.conradwood.net/apis/framework v1.1.3196 h1:WgpHv1FIYJ/9+oWbasZq550Yr3yw/h4s80EOwNv31i4=
golang.conradwood.net/apis/framework v1.1.3196/go.mod h1:DRyEsp0Plcg8/BsKQR7qyOSMmiMh3xA2HXrghL4RxHs=
golang.conradwood.net/apis/gitserver v1.1.3057 h1:YHtD9AQ3vmcpnd94jZgpbTkDvyQOgLpIuZFBrM/XFwA=
golang.conradwood.net/apis/gitserver v1.1.3057/go.mod h1:auzrIHRb6sT9r0SeMQYn2txP11x9VM7o0oRl7pA1fs4=
golang.conradwood.net/apis/grafanadata v1.1.3196 h1:z4Ng+oxkyn92dMnJREEbSOeYb7M0T6RDqAuw1QpYYf8=
golang.conradwood.net/apis/grafanadata v1.1.3196/go.mod h1:uI0deBzBnn/Jw18jFpv2WjZae+zrQSDzpIjoQ/X2OSM=
golang.conradwood.net/apis/h2gproxy v1.1.3196 h1:c6DjQ1tfQkXhCehyFi29XRNdkcFB63iCVXPYh2jc7es=
golang.conradwood.net/apis/h2gproxy v1.1.3196/go.mod h1:9nlrILkfV2vtAFqaCH6zzcgK7z3REUxjFWXuPyOIsgU=
golang.conradwood.net/apis/helloworld v1.1.3057 h1:NErn49r5ibT9jHyKPnQLOajOIcGBWlG61hYQ3W8n+4A=
golang.conradwood.net/apis/helloworld v1.1.3057/go.mod h1:2ATGrnNT3KTt28aMj/DYRvCK0zlxAgkWnCP1WKAw2wk=
golang.conradwood.net/apis/objectstore v1.1.3196 h1:jvlTvExdecXFiNdqD04XQcCeEjYfeN+qBikKuOnXkQg=
golang.conradwood.net/apis/objectstore v1.1.3196/go.mod h1:vyeoDCUH+hN8/NmMt9eSFpnN05aEizTp2EnoABm2OZM=
golang.conradwood.net/apis/registry v1.1.3196 h1:vjmgmZavjzJAXZ3QtdEDbheMqpm/MBlSIQuoKAwSMeY=
golang.conradwood.net/apis/registry v1.1.3196/go.mod h1:17mWzlVmjGSZhQRx7kBJGnI9Stsn8+coTrDOUEzalcM=
golang.org/x/net v0.29.0 h1:5ORfpBpCs4HzDYoodCDBbwHzdR5UrLBZ3sOnUJmFoHo=
golang.org/x/net v0.29.0/go.mod h1:gLkgy8jTGERgjzMic6DS9+SP0ajcu6Xu3Orq/SpETg0=
golang.org/x/sys v0.25.0 h1:r+8e+loiHxRqhXVl6ML1nO3l1+oFoWbnlu2Ehimmi34=
golang.org/x/sys v0.25.0/go.mod h1:/VUhepiaJMQUp4+oa/7Zr1D23ma6VTLIYjOOTFZPUcA=
golang.org/x/text v0.18.0 h1:XvMDiNzPAl0jr17s6W9lcaIhGUfUORdGCNsuLmPG224=
golang.org/x/text v0.18.0/go.mod h1:BuEKDfySbSR4drPmRPG/7iBdf8hvFMuRexcpahXilzY=
golang.yacloud.eu/apis/autodeployer2 v1.1.3196 h1:Ay2DJrMA/uPbeHn8fyJqGqRr63BL9H0mBAvi56KLk9w=
golang.yacloud.eu/apis/autodeployer2 v1.1.3196/go.mod h1:CFocMaAgNUdrDGHqif+Znxeabsv8RBB1AUD41EeOjhI=
golang.yacloud.eu/apis/fscache v1.1.3196 h1:FyG01F5EIMb12Dt0k47npj/XUBX+6SZR5XoaEEq9SEU=
golang.yacloud.eu/apis/fscache v1.1.3196/go.mod h1:nomkq5gKwvip9qwr8HpcF6MVVXEjR5NfhLQGEYiISVk=
golang.yacloud.eu/apis/session v1.1.3220 h1:jO3pwY4eZOCpY14sPxGeq4nFC0NR7qtQpRO+T3N8+yQ=
golang.yacloud.eu/apis/session v1.1.3220/go.mod h1:+qG0ukN5pAq2Onax+NuyqTs9aM5vfGCHAwJblUncWeo=
golang.yacloud.eu/apis/unixipc v1.1.3196 h1:l+JXnjxBpXQ3qfw+gSX9ht9Y5PSRjCmIHZ1M9N4+478=
golang.yacloud.eu/apis/unixipc v1.1.3196/go.mod h1:n5yUt/UIQ9qo/TrT0Z2LZIZNNJSzKtoM6gufrk6jnAQ=
golang.yacloud.eu/apis/urlcacher v1.1.3196 h1:CFaSNtaQBnt/bH+XSglcQ2W85WAKMW1CG3tdSMnqLeo=
golang.yacloud.eu/apis/urlcacher v1.1.3196/go.mod h1:0ocJAsoStw+ugTURyDFg7qFcJJx0vo5nUIToOzsMscg=
golang.yacloud.eu/unixipc v0.1.26852 h1:bKxdKQVBTcuzgPuUv0ZUHui44Ys3KY+gOBTQ5m5S60s=
golang.yacloud.eu/unixipc v0.1.26852/go.mod h1:BboKEBCyQzeXbtXowwSLV9U+wI32wq49ZVs72+uO/ZI=
google.golang.org/genproto/googleapis/rpc v0.0.0-20240604185151-ef581f913117 h1:1GBuWVLM/KMVUv1t1En5Gs+gFZCNd360GGb4sSxtrhU=
google.golang.org/genproto/googleapis/rpc v0.0.0-20240604185151-ef581f913117/go.mod h1:EfXuqaE1J41VCDicxHzUDm+8rk+7ZdXzHV0IhO/I6s0=
google.golang.org/grpc v1.66.0 h1:DibZuoBznOxbDQxRINckZcUvnCEvrW9pcWIE2yF9r1c=
google.golang.org/grpc v1.66.0/go.mod h1:s3/l6xSSCURdVfAnL+TqCNMyTDAGN6+lZeVxnZR128Y=
google.golang.org/protobuf v1.34.2 h1:6xV6lTsCfpGD21XK49h7MhtcApnLqkfYgPcdHftf6hg=
google.golang.org/protobuf v1.34.2/go.mod h1:qYOHts0dSfpeUzUFpOMr/WGzszTmLH+DiWniOlNbLDw=
gopkg.in/check.v1 v0.0.0-20161208181325-20d25e280405/go.mod h1:Co6ibVJAznAaIkqp8huTwlJQCZ016jof/cbN4VW5Yz0=
gopkg.in/check.v1 v1.0.0-20201130134442-10cb98267c6c h1:Hei/4ADfdWqJk1ZMxUNpqntNwaWcugrBjAiHlqqRiVk=
gopkg.in/check.v1 v1.0.0-20201130134442-10cb98267c6c/go.mod h1:JHkPIbrfpd72SG/EVd6muEfDQjcINNoR0C8j2r3qZ4Q=
gopkg.in/yaml.v2 v2.4.0 h1:D8xgwECY7CYvx+Y2n4sBz93Jn9JRvxdiyyo8CTfuKaY=
gopkg.in/yaml.v2 v2.4.0/go.mod h1:RDklbk79AGWmwhnvt/jBztapEOGDOx6ZbXqjP6csGnQ=
gopkg.in/yaml.v3 v3.0.1 h1:fxVm/GzAzEWqLHuvctI91KS9hhNmmWOoWu0XTYJS7CA=
gopkg.in/yaml.v3 v3.0.1/go.mod h1:K4uyk7z7BCEPqu6E+C64Yfv1cQ7kz7rIZviUmN+EgEM=
