github.com/beorn7/perks v1.0.1 h1:VlbKKnNfV8bJzeqoa4cOKqO6bYr3WgKZxO8Z16+hsOM=
github.com/beorn7/perks v1.0.1/go.mod h1:G2ZrVWU2WbWT9wwq4/hrbKbnv/1ERSJQ0ibhJ6rlkpw=
github.com/cespare/xxhash/v2 v2.2.0 h1:DC2CZ1Ep5Y4k3ZQ899DldepgrayRUGE6BBZ/cd9Cj44=
github.com/cespare/xxhash/v2 v2.2.0/go.mod h1:VGX0DQ3Q6kWi7AoAeZDth3/j3BFtOZR5XLFGgcrjCOs=
github.com/davecgh/go-spew v1.1.1 h1:vj9j/u1bqnvCEfJOwUhtlOARqs3+rkHYY13jYWTU97c=
github.com/davecgh/go-spew v1.1.1/go.mod h1:J7Y8YcW2NihsgmVo/mv3lAwl/skON4iLHjSsI+c5H38=
github.com/dustin/go-humanize v1.0.1 h1:GzkhY7T5VNhEkwH0PVJgjz+fX1rhBrR7pRT3mDkpeCY=
github.com/dustin/go-humanize v1.0.1/go.mod h1:Mu1zIs6XwVuF/gI1OepvI0qD18qycQx+mFykh5fBlto=
github.com/golang/protobuf v1.5.4 h1:i7eJL8qZTpSEXOPTxNKhASYpMn+8e5Q6AdndVa1dWek=
github.com/golang/protobuf v1.5.4/go.mod h1:lnTiLA8Wa4RWRcIUkrtSVa5nRhsEGBg48fD6rSs7xps=
github.com/google/go-cmp v0.6.0 h1:ofyhxvXcZhMsU5ulbFiLKl/XBFqE1GSq7atu8tAmTRI=
github.com/google/go-cmp v0.6.0/go.mod h1:17dUlkBOakJ0+DkrSSNjCkIjxS6bF9zb3elmeNGIjoY=
github.com/grafana/pyroscope-go v1.1.1 h1:PQoUU9oWtO3ve/fgIiklYuGilvsm8qaGhlY4Vw6MAcQ=
github.com/grafana/pyroscope-go v1.1.1/go.mod h1:Mw26jU7jsL/KStNSGGuuVYdUq7Qghem5P8aXYXSXG88=
github.com/grafana/pyroscope-go/godeltaprof v0.1.7 h1:C11j63y7gymiW8VugJ9ZW0pWfxTZugdSJyC48olk5KY=
github.com/grafana/pyroscope-go/godeltaprof v0.1.7/go.mod h1:Tk376Nbldo4Cha9RgiU7ik8WKFkNpfds98aUzS8omLE=
github.com/klauspost/compress v1.17.3/go.mod h1:/dCuZOvVtNoHsyb+cuJD3itjs3NbnF6KH9zAO4BDxPM=
github.com/klauspost/compress v1.17.7 h1:ehO88t2UGzQK66LMdE8tibEd1ErmzZjNEqWkjLAKQQg=
github.com/klauspost/compress v1.17.7/go.mod h1:Di0epgTjJY877eYKx5yC51cX2A2Vl2ibi7bDH9ttBbw=
github.com/kr/pretty v0.3.1 h1:flRD4NNwYAUpkphVc1HcthR4KEIFJ65n8Mw5qdRn3LE=
github.com/kr/pretty v0.3.1/go.mod h1:hoEshYVHaxMs3cyo3Yncou5ZscifuDolrwPKZanG3xk=
github.com/kr/text v0.2.0 h1:5Nx0Ya0ZqY2ygV366QzturHI13Jq95ApcVaJBhpS+AY=
github.com/kr/text v0.2.0/go.mod h1:eLer722TekiGuMkidMxC/pM04lWEeraHUUmBw8l2grE=
github.com/lib/pq v1.10.9 h1:YXG7RB+JIjhP29X+OtkiDnYaXQwpS4JEWq7dtCCRUEw=
github.com/lib/pq v1.10.9/go.mod h1:AlVN5x4E4T544tWzH6hKfbfQvm3HdbOxrmggDNAPY9o=
github.com/prometheus/client_golang v1.19.0 h1:ygXvpU1AoN1MhdzckN+PyD9QJOSD4x7kmXYlnfbA6JU=
github.com/prometheus/client_golang v1.19.0/go.mod h1:ZRM9uEAypZakd+q/x7+gmsvXdURP+DABIEIjnmDdp+k=
github.com/prometheus/client_model v0.6.0 h1:k1v3CzpSRUTrKMppY35TLwPvxHqBu0bYgxZzqGIgaos=
github.com/prometheus/client_model v0.6.0/go.mod h1:NTQHnmxFpouOD0DpvP4XujX3CdOAGQPoaGhyTchlyt8=
github.com/prometheus/common v0.50.0 h1:YSZE6aa9+luNa2da6/Tik0q0A5AbR+U003TItK57CPQ=
github.com/prometheus/common v0.50.0/go.mod h1:wHFBCEVWVmHMUpg7pYcOm2QUR/ocQdYSJVQJKnHc3xQ=
github.com/prometheus/procfs v0.13.0 h1:GqzLlQyfsPbaEHaQkO7tbDlriv/4o5Hudv6OXHGKX7o=
github.com/prometheus/procfs v0.13.0/go.mod h1:cd4PFCR54QLnGKPaKGA6l+cfuNXtht43ZKY6tow0Y1g=
github.com/rogpeppe/go-internal v1.10.0 h1:TMyTOH3F/DB16zRVcYyreMH6GnZZrwQVAoYjRBZyWFQ=
github.com/rogpeppe/go-internal v1.10.0/go.mod h1:UQnix2H7Ngw/k4C5ijL5+65zddjncjaFoBhdsK/akog=
golang.conradwood.net/apis/auth v1.1.2880 h1:9k9ybHus7+w5yhxYa5IQJanxllD0spIWw1gLHxRrm7g=
golang.conradwood.net/apis/auth v1.1.2880/go.mod h1:R3XOrMXqU0cPOCVKwzPwiotUlD+t4qfZOy49yigv+1M=
golang.conradwood.net/apis/autodeployer v1.1.2878 h1:CL0Afk1bzD+WJGtky/yS/imRNJgznX0zOonGamCFBzU=
golang.conradwood.net/apis/autodeployer v1.1.2878/go.mod h1:ItqDh5eJSCoz3x03guJhz15CngVCICZEfx481UBEIss=
golang.conradwood.net/apis/common v1.1.2880 h1:TdlJYUXrXD6qd8j6Z3PuhVOyHRlKJLFp0aWMqjmnxKc=
golang.conradwood.net/apis/common v1.1.2880/go.mod h1:OiR9Jdq7RT/Yrz5+HFXYeiSMO4rcsoCzfZT58Ywnb3A=
golang.conradwood.net/apis/deploymonkey v1.1.2878 h1:OujzzACjmaaUGTStr47cDK3KPsmfHKBMB11zixorJZ8=
golang.conradwood.net/apis/deploymonkey v1.1.2878/go.mod h1:VveseNFcZXvklOkO+LGf7a/cCP2hZwRgbc95GnDD+WQ=
golang.conradwood.net/apis/echoservice v1.1.2878 h1:pXlYYXI47B67NqiuFtBI2reM6WDWkT7XrChrOSJR0+E=
golang.conradwood.net/apis/echoservice v1.1.2878/go.mod h1:kxCrozijz8uGBRVr6c6PhtqzKek2l1cPxx2h5evK+yA=
golang.conradwood.net/apis/errorlogger v1.1.2878 h1:hY3+bZnKygUfg4/DmGfkxrqRyNfW+j2otsE6kNnvICM=
golang.conradwood.net/apis/errorlogger v1.1.2878/go.mod h1:fOyCPOYYx+qd535dwcLvcw8x1LRiO/4ocQ4IGScgVw4=
golang.conradwood.net/apis/framework v1.1.2878 h1:7xRD2X9oB5/R/ViA/VSFUsg/Pdb8MSZT9Ant/cq1OEs=
golang.conradwood.net/apis/framework v1.1.2878/go.mod h1:LSeiDLqpKrtZz54UfAEUu+Yr4ifX0DvCl3bHizk65yA=
golang.conradwood.net/apis/gitserver v1.1.2309 h1:dOo6DYLDEnLmC3RhMQVaBoeISzZMwzMZPMUTztrFCnA=
golang.conradwood.net/apis/gitserver v1.1.2309/go.mod h1:QYsNveDJu0geRhcXvipToqIt2sKLIZsadLkHJPhhNQ8=
golang.conradwood.net/apis/grafanadata v1.1.2878 h1:uK/nW3LFgAHQ4hx+VBvMi7ee9TiTVbp8QPA3q5GcQT4=
golang.conradwood.net/apis/grafanadata v1.1.2878/go.mod h1:XgOi/IjxhzKqjidfleuLT9zUdmLMFUO3MxMRXloYooE=
golang.conradwood.net/apis/helloworld v1.1.2309 h1:jGUVEGJnX6k/rgPSL4OQoavEliDKCzeq2G/aO1r6gho=
golang.conradwood.net/apis/helloworld v1.1.2309/go.mod h1:T/EOg5DRrsVkqOxO7vtMN35atKiBXuvfelIR2ztVn5E=
golang.conradwood.net/apis/objectstore v1.1.2878 h1:uHE3diGOG4dR3zxrwaraujARD6egM3RG4pfUFmiKRD0=
golang.conradwood.net/apis/objectstore v1.1.2878/go.mod h1:7Ga27/IWzMUdD4w3j7oK/5OXWeuLTMTZNgNxjbBNshM=
golang.conradwood.net/apis/registry v1.1.2878 h1:gJnrAPtDrKxOckNcYpdDKSklySXTELUL0VWNUTps9lk=
golang.conradwood.net/apis/registry v1.1.2878/go.mod h1:Jtwxs70OWCxJQl5BdAKu4ZbeVbmjS/3qQ6gn1YVFtdk=
golang.org/x/net v0.22.0 h1:9sGLhx7iRIHEiX0oAJ3MRZMUCElJgy7Br1nO+AMN3Tc=
golang.org/x/net v0.22.0/go.mod h1:JKghWKKOSdJwpW2GEx0Ja7fmaKnMsbu+MWVZTokSYmg=
golang.org/x/sys v0.18.0 h1:DBdB3niSjOA/O0blCZBqDefyWNYveAYMNF1Wum0DYQ4=
golang.org/x/sys v0.18.0/go.mod h1:/VUhepiaJMQUp4+oa/7Zr1D23ma6VTLIYjOOTFZPUcA=
golang.org/x/text v0.14.0 h1:ScX5w1eTa3QqT8oi6+ziP7dTV1S2+ALU0bI+0zXKWiQ=
golang.org/x/text v0.14.0/go.mod h1:18ZOQIKpY8NJVqYksKHtTdi31H5itFRjB5/qKTNYzSU=
golang.yacloud.eu/apis/autodeployer2 v1.1.2880 h1:o1iYDEF4/f2MDKDK2XxMBzQ1XBazXJURhnjV6cGsFC8=
golang.yacloud.eu/apis/autodeployer2 v1.1.2880/go.mod h1:g+gFTz6pUOUeGEIcDPzgZ0GXkCECGmSjZxfeBXmL5w8=
golang.yacloud.eu/apis/fscache v1.1.2880 h1:x+ZSc6nD+auKZ1Oq+exlRGOlH0N4F8PXcUfjtOhp9FA=
golang.yacloud.eu/apis/fscache v1.1.2880/go.mod h1:BqwXy1eepjQ12kJLMjxZSu1GUcJ6CgRhsCpJ8BcoR9Q=
golang.yacloud.eu/apis/session v1.1.2880 h1:Ubf7n2/ovqGBZjj1KP50RJQjr+V7YFNikypV8v2fJzE=
golang.yacloud.eu/apis/session v1.1.2880/go.mod h1:/8Mj96oJhXEJfRoSRQoJew2qGcDhYln10IEcHCzaE34=
golang.yacloud.eu/apis/unixipc v1.1.2878 h1:STtmGkrGw4Zo+v+JK5tB84g0gcmZTMcS7759RGX6+RA=
golang.yacloud.eu/apis/unixipc v1.1.2878/go.mod h1:2b/mJ+0z5S+tPqmzDM5XjPdsHpx6RHIEOGOMLYiYsYA=
golang.yacloud.eu/apis/urlcacher v1.1.2878 h1:eoDlvDMaaI2oXQVK7sEAiNUeihRO6ig653cAw78QYlw=
golang.yacloud.eu/apis/urlcacher v1.1.2878/go.mod h1:diMCZjJzOnCVALlNrCLTYRIPtwfVaZ46yshPk2/KIOY=
golang.yacloud.eu/unixipc v0.1.26120 h1:uIHAa9AaUvaqPkFWxqSJNA597zXx93TrHDxOtS7H3PE=
golang.yacloud.eu/unixipc v0.1.26120/go.mod h1:BboKEBCyQzeXbtXowwSLV9U+wI32wq49ZVs72+uO/ZI=
google.golang.org/genproto/googleapis/rpc v0.0.0-20240123012728-ef4313101c80 h1:AjyfHzEPEFp/NpvfN5g+KDla3EMojjhRVZc1i7cj+oM=
google.golang.org/genproto/googleapis/rpc v0.0.0-20240123012728-ef4313101c80/go.mod h1:PAREbraiVEVGVdTZsVWjSbbTtSyGbAgIIvni8a8CD5s=
google.golang.org/grpc v1.62.1 h1:B4n+nfKzOICUXMgyrNd19h/I9oH0L1pizfk1d4zSgTk=
google.golang.org/grpc v1.62.1/go.mod h1:IWTG0VlJLCh1SkC58F7np9ka9mx/WNkjl4PGJaiq+QE=
google.golang.org/protobuf v1.33.0 h1:uNO2rsAINq/JlFpSdYEKIZ0uKD/R9cpdv0T+yoGwGmI=
google.golang.org/protobuf v1.33.0/go.mod h1:c6P6GXX6sHbq/GpV6MGZEdwhWPcYBgnhAHhKbcUYpos=
gopkg.in/check.v1 v0.0.0-20161208181325-20d25e280405/go.mod h1:Co6ibVJAznAaIkqp8huTwlJQCZ016jof/cbN4VW5Yz0=
gopkg.in/check.v1 v1.0.0-20201130134442-10cb98267c6c h1:Hei/4ADfdWqJk1ZMxUNpqntNwaWcugrBjAiHlqqRiVk=
gopkg.in/check.v1 v1.0.0-20201130134442-10cb98267c6c/go.mod h1:JHkPIbrfpd72SG/EVd6muEfDQjcINNoR0C8j2r3qZ4Q=
gopkg.in/yaml.v2 v2.4.0 h1:D8xgwECY7CYvx+Y2n4sBz93Jn9JRvxdiyyo8CTfuKaY=
gopkg.in/yaml.v2 v2.4.0/go.mod h1:RDklbk79AGWmwhnvt/jBztapEOGDOx6ZbXqjP6csGnQ=
gopkg.in/yaml.v3 v3.0.1 h1:fxVm/GzAzEWqLHuvctI91KS9hhNmmWOoWu0XTYJS7CA=
gopkg.in/yaml.v3 v3.0.1/go.mod h1:K4uyk7z7BCEPqu6E+C64Yfv1cQ7kz7rIZviUmN+EgEM=
