github.com/beorn7/perks v1.0.1 h1:VlbKKnNfV8bJzeqoa4cOKqO6bYr3WgKZxO8Z16+hsOM=
github.com/beorn7/perks v1.0.1/go.mod h1:G2ZrVWU2WbWT9wwq4/hrbKbnv/1ERSJQ0ibhJ6rlkpw=
github.com/cespare/xxhash/v2 v2.3.0 h1:UL815xU9SqsFlibzuggzjXhog7bL6oX9BbNZnL2UFvs=
github.com/cespare/xxhash/v2 v2.3.0/go.mod h1:VGX0DQ3Q6kWi7AoAeZDth3/j3BFtOZR5XLFGgcrjCOs=
github.com/davecgh/go-spew v1.1.1 h1:vj9j/u1bqnvCEfJOwUhtlOARqs3+rkHYY13jYWTU97c=
github.com/davecgh/go-spew v1.1.1/go.mod h1:J7Y8YcW2NihsgmVo/mv3lAwl/skON4iLHjSsI+c5H38=
github.com/dustin/go-humanize v1.0.1 h1:GzkhY7T5VNhEkwH0PVJgjz+fX1rhBrR7pRT3mDkpeCY=
github.com/dustin/go-humanize v1.0.1/go.mod h1:Mu1zIs6XwVuF/gI1OepvI0qD18qycQx+mFykh5fBlto=
github.com/go-logr/logr v1.4.2 h1:6pFjapn8bFcIbiKo3XT4j/BhANplGihG6tvd+8rYgrY=
github.com/go-logr/logr v1.4.2/go.mod h1:9T104GzyrTigFIr8wt5mBrctHMim0Nb2HLGrmQ40KvY=
github.com/go-logr/stdr v1.2.2 h1:hSWxHoqTgW2S2qGc0LTAI563KZ5YKYRhT3MFKZMbjag=
github.com/go-logr/stdr v1.2.2/go.mod h1:mMo/vtBO5dYbehREoey6XUKy/eSumjCCveDpRre4VKE=
github.com/golang/protobuf v1.5.4 h1:i7eJL8qZTpSEXOPTxNKhASYpMn+8e5Q6AdndVa1dWek=
github.com/golang/protobuf v1.5.4/go.mod h1:lnTiLA8Wa4RWRcIUkrtSVa5nRhsEGBg48fD6rSs7xps=
github.com/google/go-cmp v0.6.0 h1:ofyhxvXcZhMsU5ulbFiLKl/XBFqE1GSq7atu8tAmTRI=
github.com/google/go-cmp v0.6.0/go.mod h1:17dUlkBOakJ0+DkrSSNjCkIjxS6bF9zb3elmeNGIjoY=
github.com/google/uuid v1.6.0 h1:NIvaJDMOsjHA8n1jAhLSgzrAzy1Hgr+hNrb57e+94F0=
github.com/google/uuid v1.6.0/go.mod h1:TIyPZe4MgqvfeYDBFedMoGGpEw/LqOeaOT+nhxU+yHo=
github.com/grafana/pyroscope-go v1.2.0 h1:aILLKjTj8CS8f/24OPMGPewQSYlhmdQMBmol1d3KGj8=
github.com/grafana/pyroscope-go v1.2.0/go.mod h1:2GHr28Nr05bg2pElS+dDsc98f3JTUh2f6Fz1hWXrqwk=
github.com/grafana/pyroscope-go/godeltaprof v0.1.8 h1:iwOtYXeeVSAeYefJNaxDytgjKtUuKQbJqgAIjlnicKg=
github.com/grafana/pyroscope-go/godeltaprof v0.1.8/go.mod h1:2+l7K7twW49Ct4wFluZD3tZ6e0SjanjcUUBPVD/UuGU=
github.com/klauspost/compress v1.17.11 h1:In6xLpyWOi1+C7tXUUWv2ot1QvBjxevKAaI6IXrJmUc=
github.com/klauspost/compress v1.17.11/go.mod h1:pMDklpSncoRMuLFrf1W9Ss9KT+0rH90U12bZKk7uwG0=
github.com/kr/pretty v0.3.1 h1:flRD4NNwYAUpkphVc1HcthR4KEIFJ65n8Mw5qdRn3LE=
github.com/kr/pretty v0.3.1/go.mod h1:hoEshYVHaxMs3cyo3Yncou5ZscifuDolrwPKZanG3xk=
github.com/kr/text v0.2.0 h1:5Nx0Ya0ZqY2ygV366QzturHI13Jq95ApcVaJBhpS+AY=
github.com/kr/text v0.2.0/go.mod h1:eLer722TekiGuMkidMxC/pM04lWEeraHUUmBw8l2grE=
github.com/kylelemons/godebug v1.1.0 h1:RPNrshWIDI6G2gRW9EHilWtl7Z6Sb1BR0xunSBf0SNc=
github.com/kylelemons/godebug v1.1.0/go.mod h1:9/0rRGxNHcop5bhtWyNeEfOS8JIWk580+fNqagV/RAw=
github.com/lib/pq v1.10.9 h1:YXG7RB+JIjhP29X+OtkiDnYaXQwpS4JEWq7dtCCRUEw=
github.com/lib/pq v1.10.9/go.mod h1:AlVN5x4E4T544tWzH6hKfbfQvm3HdbOxrmggDNAPY9o=
github.com/munnerz/goautoneg v0.0.0-20191010083416-a7dc8b61c822 h1:C3w9PqII01/Oq1c1nUAm88MOHcQC9l5mIlSMApZMrHA=
github.com/munnerz/goautoneg v0.0.0-20191010083416-a7dc8b61c822/go.mod h1:+n7T8mK8HuQTcFwEeznm/DIxMOiR9yIdICNftLE1DvQ=
github.com/pmezard/go-difflib v1.0.0 h1:4DBwDE0NGyQoBHbLQYPwSUPoCMWR5BEzIk/f1lZbAQM=
github.com/pmezard/go-difflib v1.0.0/go.mod h1:iKH77koFhYxTK1pcRnkKkqfTogsbg7gZNVY4sRDYZ/4=
github.com/prometheus/client_golang v1.20.5 h1:cxppBPuYhUnsO6yo/aoRol4L7q7UFfdm+bR9r+8l63Y=
github.com/prometheus/client_golang v1.20.5/go.mod h1:PIEt8X02hGcP8JWbeHyeZ53Y/jReSnHgO035n//V5WE=
github.com/prometheus/client_model v0.6.1 h1:ZKSh/rekM+n3CeS952MLRAdFwIKqeY8b62p8ais2e9E=
github.com/prometheus/client_model v0.6.1/go.mod h1:OrxVMOVHjw3lKMa8+x6HeMGkHMQyHDk9E3jmP2AmGiY=
github.com/prometheus/common v0.61.0 h1:3gv/GThfX0cV2lpO7gkTUwZru38mxevy90Bj8YFSRQQ=
github.com/prometheus/common v0.61.0/go.mod h1:zr29OCN/2BsJRaFwG8QOBr41D6kkchKbpeNH7pAjb/s=
github.com/prometheus/procfs v0.15.1 h1:YagwOFzUgYfKKHX6Dr+sHT7km/hxC76UB0learggepc=
github.com/prometheus/procfs v0.15.1/go.mod h1:fB45yRUv8NstnjriLhBQLuOUt+WW4BsoGhij/e3PBqk=
github.com/rogpeppe/go-internal v1.10.0 h1:TMyTOH3F/DB16zRVcYyreMH6GnZZrwQVAoYjRBZyWFQ=
github.com/rogpeppe/go-internal v1.10.0/go.mod h1:UQnix2H7Ngw/k4C5ijL5+65zddjncjaFoBhdsK/akog=
github.com/stretchr/objx v0.5.2 h1:xuMeJ0Sdp5ZMRXx/aWO6RZxdr3beISkG5/G/aIRr3pY=
github.com/stretchr/objx v0.5.2/go.mod h1:FRsXN1f5AsAjCGJKqEizvkpNtU+EGNCLh3NxZ/8L+MA=
github.com/stretchr/testify v1.10.0 h1:Xv5erBjTwe/5IxqUQTdXv5kgmIvbHo3QQyRwhJsOfJA=
github.com/stretchr/testify v1.10.0/go.mod h1:r2ic/lqez/lEtzL7wO/rwa5dbSLXVDPFyf8C91i36aY=
go.opentelemetry.io/otel v1.32.0 h1:WnBN+Xjcteh0zdk01SVqV55d/m62NJLJdIyb4y/WO5U=
go.opentelemetry.io/otel v1.32.0/go.mod h1:00DCVSB0RQcnzlwyTfqtxSm+DRr9hpYrHjNGiBHVQIg=
go.opentelemetry.io/otel/metric v1.32.0 h1:xV2umtmNcThh2/a/aCP+h64Xx5wsj8qqnkYZktzNa0M=
go.opentelemetry.io/otel/metric v1.32.0/go.mod h1:jH7CIbbK6SH2V2wE16W05BHCtIDzauciCRLoc/SyMv8=
go.opentelemetry.io/otel/sdk v1.32.0 h1:RNxepc9vK59A8XsgZQouW8ue8Gkb4jpWtJm9ge5lEG4=
go.opentelemetry.io/otel/sdk v1.32.0/go.mod h1:LqgegDBjKMmb2GC6/PrTnteJG39I8/vJCAP9LlJXEjU=
go.opentelemetry.io/otel/sdk/metric v1.32.0 h1:rZvFnvmvawYb0alrYkjraqJq0Z4ZUJAiyYCU9snn1CU=
go.opentelemetry.io/otel/sdk/metric v1.32.0/go.mod h1:PWeZlq0zt9YkYAp3gjKZ0eicRYvOh1Gd+X99x6GHpCQ=
go.opentelemetry.io/otel/trace v1.32.0 h1:WIC9mYrXf8TmY/EXuULKc8hR17vE+Hjv2cssQDe03fM=
go.opentelemetry.io/otel/trace v1.32.0/go.mod h1:+i4rkvCraA+tG6AzwloGaCtkx53Fa+L+V8e9a7YvhT8=
golang.conradwood.net/apis/apitest v1.1.3359 h1:VgVxx8aUWys3utEHqnJCgwSI7Rq8pv9W6xBuAJg/WOk=
golang.conradwood.net/apis/apitest v1.1.3359/go.mod h1:kDx7Pse9uQVXKXE/J88zz18PzcOl84VuL8HteNvgGi0=
golang.conradwood.net/apis/auth v1.1.3659 h1:YEcrFJ7ewHVGjVL7dPHNAUtj97aZSKyNzyhxmGBvY0A=
golang.conradwood.net/apis/auth v1.1.3659/go.mod h1:jI/wQg7QtgwUhQtIQP2sTPZVoCl7fnNClFVJZdH1TUI=
golang.conradwood.net/apis/autodeployer v1.1.3625 h1:oPHb9M0LH4ME4s6ZIXjBSiaGi/zAM16bof8grGftepo=
golang.conradwood.net/apis/autodeployer v1.1.3625/go.mod h1:sYXp7XgkNGQ7o0h8QjGinLUGpbKujEGKDeOqVJZ9Lgc=
golang.conradwood.net/apis/certmanager v1.1.3625 h1:5p0Wbxd2SqeLf9Oujsd3o/AGLQRFsC4n6YVtLv4vV1w=
golang.conradwood.net/apis/certmanager v1.1.3625/go.mod h1:quOBscA5hQoqIA9NGzZDd7mOIbx6ybsFLLyKxNcpiJg=
golang.conradwood.net/apis/common v1.1.3659 h1:XLcVHAEwNbWi8AyH1ezJNi4ketB0bQGg5Rv4r2P971g=
golang.conradwood.net/apis/common v1.1.3659/go.mod h1:7oOqIn2DY+JjjeO6m6k2ezfwRiWkYdxaBXnoSouX5nw=
golang.conradwood.net/apis/deploymonkey v1.1.3625 h1:qiSPGmvcx+poZG1z0+Ik6KN9aFJBrtAjFHgoB/9fbRY=
golang.conradwood.net/apis/deploymonkey v1.1.3625/go.mod h1:fydetvTrJw+Gta7qPSVjweiFHCgQlcvvNBKzycQzwAc=
golang.conradwood.net/apis/errorlogger v1.1.3625 h1:fUo8bqEzcPSVhV07kf46HlW4jKHJ6m8IgltWrlaJpww=
golang.conradwood.net/apis/errorlogger v1.1.3625/go.mod h1:ZRZ/io4NZNF43lkAOacuHj/nov7m3osMh+keS7BBTWo=
golang.conradwood.net/apis/framework v1.1.3625 h1:yD+BPUEp7zqy8RQJ+R81l9e3FW6wjgOXxe0HaQv/wRI=
golang.conradwood.net/apis/framework v1.1.3625/go.mod h1:Rj40GnXomWyzSVuNWFl/THkfbjcMDcJn11sGhVufo2E=
golang.conradwood.net/apis/gitserver v1.1.3625 h1:4DLtVeWdyaWpZRM+1R4U9kmFBWg+ej9cAn6aWlNeDxA=
golang.conradwood.net/apis/gitserver v1.1.3625/go.mod h1:KejaGYpeG3ZLU+R6YE4i95OBjXVG3z31urAw6zzd5SE=
golang.conradwood.net/apis/grafanadata v1.1.3625 h1:UDxEw+VWiP95hbZXk7b3Lx3h+BNbhD5HbFIx0Z3GciA=
golang.conradwood.net/apis/grafanadata v1.1.3625/go.mod h1:pru4j/8hRTOCgqyTY+mWBSparBdq/8eACdbTCc/6BCU=
golang.conradwood.net/apis/h2gproxy v1.1.3625 h1:qgbrSiMWyaysRw/0ih2wCWX692IYf8p+FzxPHTKyXVc=
golang.conradwood.net/apis/h2gproxy v1.1.3625/go.mod h1:awCrU6yPJGfX9+wgrpaVI5MHv67JIoTS1pYTb6Nhc+o=
golang.conradwood.net/apis/helloworld v1.1.3625 h1:Cl3+yMgD8K9P/PKx7pKohNtgo5U6OnwG+dtJCLCnp6o=
golang.conradwood.net/apis/helloworld v1.1.3625/go.mod h1:M65QtHiYVCe68w6Z16/HH2M8Jedz/msHN+giY90nxQ8=
golang.conradwood.net/apis/objectstore v1.1.3625 h1:sCNC7flYNQf47fHWxFSrTM5YFTn0+BcgOyEbw1/ki2s=
golang.conradwood.net/apis/objectstore v1.1.3625/go.mod h1:b3wWEgFqBUVQa2LF7NChaE0rlNF1Pl/dMZq1TAA/ipo=
golang.conradwood.net/apis/registry v1.1.3625 h1:EAKoVH1ZL2vzepmUXKQzpO7GwFNQE8fiPKfAat3T3F4=
golang.conradwood.net/apis/registry v1.1.3625/go.mod h1:0nBNmwry+LTQdhYiFiA6KNQH4r9XDZEME4zBiAYGzeQ=
golang.org/x/net v0.34.0 h1:Mb7Mrk043xzHgnRM88suvJFwzVrRfHEHJEl5/71CKw0=
golang.org/x/net v0.34.0/go.mod h1:di0qlW3YNM5oh6GqDGQr92MyTozJPmybPK4Ev/Gm31k=
golang.org/x/sys v0.30.0 h1:QjkSwP/36a20jFYWkSue1YwXzLmsV5Gfq7Eiy72C1uc=
golang.org/x/sys v0.30.0/go.mod h1:/VUhepiaJMQUp4+oa/7Zr1D23ma6VTLIYjOOTFZPUcA=
golang.org/x/text v0.22.0 h1:bofq7m3/HAFvbF51jz3Q9wLg3jkvSPuiZu/pD1XwgtM=
golang.org/x/text v0.22.0/go.mod h1:YRoo4H8PVmsu+E3Ou7cqLVH8oXWIHVoX0jqUWALQhfY=
golang.yacloud.eu/apis/autodeployer2 v1.1.3625 h1:YIim2jsS3d3nfGcqIhNiA9fNXvhlOvsK6NXB8m5rWsY=
golang.yacloud.eu/apis/autodeployer2 v1.1.3625/go.mod h1:1KLWObAOHxfoo73/mUvYi641FxZSd9eGV/AK3FMJC6g=
golang.yacloud.eu/apis/faultindicator v1.1.3625 h1:CTYHkzTefkAcgK28dQ67rEIZp71Ej6dwrsDazYT74CA=
golang.yacloud.eu/apis/faultindicator v1.1.3625/go.mod h1:LinR6vf7C9J88gc2X6BBMHyJNS7uXqhQmklMoWQHvW0=
golang.yacloud.eu/apis/fscache v1.1.3625 h1:cD+xLZntxBe+JoPl/oIK71NLlJ2ktTpAT1IOzYO1i8Q=
golang.yacloud.eu/apis/fscache v1.1.3625/go.mod h1:j+9irz+xwwuUQIKZVVwVYMZ1HZQRvuD/bXrCmW4798A=
golang.yacloud.eu/apis/session v1.1.3659 h1:mvcRnHGedh1gOrcijUTc/hGO8xl0z89Dy9EtjOa0MYg=
golang.yacloud.eu/apis/session v1.1.3659/go.mod h1:COAuBhYdtTwQSSarq6f+0mxEBngSvSiSpH3Yc5ruRxA=
golang.yacloud.eu/apis/unixipc v1.1.3625 h1:prVot0gL1MouDX8sWCLwUgNaUbsVzmM4u08xxz7dKcw=
golang.yacloud.eu/apis/unixipc v1.1.3625/go.mod h1:3WT5qcADS7Du5ipPdI1ypxb38DYjYo4aHfN1MolEHAw=
golang.yacloud.eu/apis/urlcacher v1.1.3625 h1:NSybW8/kIBGdNjdsulVsJyRaVUc80HTBCnJzqc+VV6Y=
golang.yacloud.eu/apis/urlcacher v1.1.3625/go.mod h1:JAbYUv2c6Z2ac9ICHMskChI5H44aH7JWU12C+vdA8nk=
golang.yacloud.eu/unixipc v0.1.31725 h1:u+tUnlgwLVzQ1bFBVM+rqARHAgwH41PrRGIVwKVrMsg=
golang.yacloud.eu/unixipc v0.1.31725/go.mod h1:BboKEBCyQzeXbtXowwSLV9U+wI32wq49ZVs72+uO/ZI=
google.golang.org/genproto/googleapis/rpc v0.0.0-20241202173237-19429a94021a h1:hgh8P4EuoxpsuKMXX/To36nOFD7vixReXgn8lPGnt+o=
google.golang.org/genproto/googleapis/rpc v0.0.0-20241202173237-19429a94021a/go.mod h1:5uTbfoYQed2U9p3KIj2/Zzm02PYhndfdmML0qC3q3FU=
google.golang.org/grpc v1.70.0 h1:pWFv03aZoHzlRKHWicjsZytKAiYCtNS0dHbXnIdq7jQ=
google.golang.org/grpc v1.70.0/go.mod h1:ofIJqVKDXx/JiXrwr2IG4/zwdH9txy3IlF40RmcJSQw=
google.golang.org/protobuf v1.36.4 h1:6A3ZDJHn/eNqc1i+IdefRzy/9PokBTPvcqMySR7NNIM=
google.golang.org/protobuf v1.36.4/go.mod h1:9fA7Ob0pmnwhb644+1+CVWFRbNajQ6iRojtC/QF5bRE=
gopkg.in/check.v1 v0.0.0-20161208181325-20d25e280405/go.mod h1:Co6ibVJAznAaIkqp8huTwlJQCZ016jof/cbN4VW5Yz0=
gopkg.in/check.v1 v1.0.0-20201130134442-10cb98267c6c h1:Hei/4ADfdWqJk1ZMxUNpqntNwaWcugrBjAiHlqqRiVk=
gopkg.in/check.v1 v1.0.0-20201130134442-10cb98267c6c/go.mod h1:JHkPIbrfpd72SG/EVd6muEfDQjcINNoR0C8j2r3qZ4Q=
gopkg.in/yaml.v2 v2.4.0 h1:D8xgwECY7CYvx+Y2n4sBz93Jn9JRvxdiyyo8CTfuKaY=
gopkg.in/yaml.v2 v2.4.0/go.mod h1:RDklbk79AGWmwhnvt/jBztapEOGDOx6ZbXqjP6csGnQ=
gopkg.in/yaml.v3 v3.0.1 h1:fxVm/GzAzEWqLHuvctI91KS9hhNmmWOoWu0XTYJS7CA=
gopkg.in/yaml.v3 v3.0.1/go.mod h1:K4uyk7z7BCEPqu6E+C64Yfv1cQ7kz7rIZviUmN+EgEM=
